// !$*UTF8*$!
{
	archiveVersion = 1;
	classes = {
	};
	objectVersion = 51;
	objects = {

/* Begin PBXBuildFile section */
		03C90287F2687E5EE1C0E5F9 /* Pods_mdb_socials.framework in Frameworks */ = {isa = PBXBuildFile; fileRef = 1EFA9E17804AE24BD134E3A5 /* Pods_mdb_socials.framework */; };
		1CA464A7492FE56E84B91B13 /* Pods_mdb_socials_mdb_socialsUITests.framework in Frameworks */ = {isa = PBXBuildFile; fileRef = 6A371EC568F426F96431BB42 /* Pods_mdb_socials_mdb_socialsUITests.framework */; };
		2D88CE2B24099DB9009F045B /* Poppins-SemiBoldItalic.otf in Resources */ = {isa = PBXBuildFile; fileRef = 2D88CE1824099DB8009F045B /* Poppins-SemiBoldItalic.otf */; };
		2D88CE2C24099DB9009F045B /* Poppins-ExtraBoldItalic.otf in Resources */ = {isa = PBXBuildFile; fileRef = 2D88CE1924099DB8009F045B /* Poppins-ExtraBoldItalic.otf */; };
		2D88CE2D24099DB9009F045B /* SIL Open Font License.txt in Resources */ = {isa = PBXBuildFile; fileRef = 2D88CE1A24099DB8009F045B /* SIL Open Font License.txt */; };
		2D88CE2E24099DB9009F045B /* Poppins-ExtraLight.otf in Resources */ = {isa = PBXBuildFile; fileRef = 2D88CE1B24099DB8009F045B /* Poppins-ExtraLight.otf */; };
		2D88CE2F24099DB9009F045B /* Poppins-ThinItalic.otf in Resources */ = {isa = PBXBuildFile; fileRef = 2D88CE1C24099DB9009F045B /* Poppins-ThinItalic.otf */; };
		2D88CE3024099DB9009F045B /* Poppins-ExtraLightItalic.otf in Resources */ = {isa = PBXBuildFile; fileRef = 2D88CE1D24099DB9009F045B /* Poppins-ExtraLightItalic.otf */; };
		2D88CE3124099DB9009F045B /* Poppins-Light.otf in Resources */ = {isa = PBXBuildFile; fileRef = 2D88CE1E24099DB9009F045B /* Poppins-Light.otf */; };
		2D88CE3224099DB9009F045B /* Poppins-BoldItalic.otf in Resources */ = {isa = PBXBuildFile; fileRef = 2D88CE1F24099DB9009F045B /* Poppins-BoldItalic.otf */; };
		2D88CE3324099DB9009F045B /* Poppins-Medium.otf in Resources */ = {isa = PBXBuildFile; fileRef = 2D88CE2024099DB9009F045B /* Poppins-Medium.otf */; };
		2D88CE3424099DB9009F045B /* Poppins-SemiBold.otf in Resources */ = {isa = PBXBuildFile; fileRef = 2D88CE2124099DB9009F045B /* Poppins-SemiBold.otf */; };
		2D88CE3524099DB9009F045B /* Poppins-Italic.otf in Resources */ = {isa = PBXBuildFile; fileRef = 2D88CE2224099DB9009F045B /* Poppins-Italic.otf */; };
		2D88CE3624099DB9009F045B /* Poppins-Thin.otf in Resources */ = {isa = PBXBuildFile; fileRef = 2D88CE2324099DB9009F045B /* Poppins-Thin.otf */; };
		2D88CE3724099DB9009F045B /* Poppins-MediumItalic.otf in Resources */ = {isa = PBXBuildFile; fileRef = 2D88CE2424099DB9009F045B /* Poppins-MediumItalic.otf */; };
		2D88CE3824099DB9009F045B /* Poppins-LightItalic.otf in Resources */ = {isa = PBXBuildFile; fileRef = 2D88CE2524099DB9009F045B /* Poppins-LightItalic.otf */; };
		2D88CE3924099DB9009F045B /* Poppins-Bold.otf in Resources */ = {isa = PBXBuildFile; fileRef = 2D88CE2624099DB9009F045B /* Poppins-Bold.otf */; };
		2D88CE3A24099DB9009F045B /* Poppins-Black.otf in Resources */ = {isa = PBXBuildFile; fileRef = 2D88CE2724099DB9009F045B /* Poppins-Black.otf */; };
		2D88CE3B24099DB9009F045B /* Poppins-BlackItalic.otf in Resources */ = {isa = PBXBuildFile; fileRef = 2D88CE2824099DB9009F045B /* Poppins-BlackItalic.otf */; };
		2D88CE3C24099DB9009F045B /* Poppins-Regular.otf in Resources */ = {isa = PBXBuildFile; fileRef = 2D88CE2924099DB9009F045B /* Poppins-Regular.otf */; };
		2D88CE3D24099DB9009F045B /* Poppins-ExtraBold.otf in Resources */ = {isa = PBXBuildFile; fileRef = 2D88CE2A24099DB9009F045B /* Poppins-ExtraBold.otf */; };
		2D88CE41240A2B1F009F045B /* CameraIcon.png in Resources */ = {isa = PBXBuildFile; fileRef = 2D88CE40240A2B1F009F045B /* CameraIcon.png */; };
		4714FC1D240526A200B90E70 /* GoogleService-Info.plist in Resources */ = {isa = PBXBuildFile; fileRef = 4714FC1C240526A200B90E70 /* GoogleService-Info.plist */; };
		4778AE4F2408DD4A00E97E9E /* UserManager.swift in Sources */ = {isa = PBXBuildFile; fileRef = 4778AE4E2408DD4A00E97E9E /* UserManager.swift */; };
		4778AE512408DD5600E97E9E /* EventManager.swift in Sources */ = {isa = PBXBuildFile; fileRef = 4778AE502408DD5600E97E9E /* EventManager.swift */; };
		4778AE532408E02600E97E9E /* eventCell.swift in Sources */ = {isa = PBXBuildFile; fileRef = 4778AE522408E02600E97E9E /* eventCell.swift */; };
		478AA12D2406629800FE2EE8 /* mdb_socialsTests.swift in Sources */ = {isa = PBXBuildFile; fileRef = 47A2843D2404C48000428CAA /* mdb_socialsTests.swift */; };
		47A284272404C47E00428CAA /* AppDelegate.swift in Sources */ = {isa = PBXBuildFile; fileRef = 47A284262404C47E00428CAA /* AppDelegate.swift */; };
		47A284292404C47E00428CAA /* SceneDelegate.swift in Sources */ = {isa = PBXBuildFile; fileRef = 47A284282404C47E00428CAA /* SceneDelegate.swift */; };
		47A2842B2404C47E00428CAA /* AuthenticationVC.swift in Sources */ = {isa = PBXBuildFile; fileRef = 47A2842A2404C47E00428CAA /* AuthenticationVC.swift */; };
		47A2842E2404C47E00428CAA /* Main.storyboard in Resources */ = {isa = PBXBuildFile; fileRef = 47A2842C2404C47E00428CAA /* Main.storyboard */; };
		47A284302404C48000428CAA /* Assets.xcassets in Resources */ = {isa = PBXBuildFile; fileRef = 47A2842F2404C48000428CAA /* Assets.xcassets */; };
		47A284332404C48000428CAA /* LaunchScreen.storyboard in Resources */ = {isa = PBXBuildFile; fileRef = 47A284312404C48000428CAA /* LaunchScreen.storyboard */; };
		47A284492404C48000428CAA /* mdb_socialsUITests.swift in Sources */ = {isa = PBXBuildFile; fileRef = 47A284482404C48000428CAA /* mdb_socialsUITests.swift */; };
		47A2845F2404C78F00428CAA /* FeedVC.swift in Sources */ = {isa = PBXBuildFile; fileRef = 47A2845E2404C78F00428CAA /* FeedVC.swift */; };
		47A284612404C7B300428CAA /* SocialDetailVC.swift in Sources */ = {isa = PBXBuildFile; fileRef = 47A284602404C7B300428CAA /* SocialDetailVC.swift */; };
		47A284632404C7C300428CAA /* NewSocialVC.swift in Sources */ = {isa = PBXBuildFile; fileRef = 47A284622404C7C300428CAA /* NewSocialVC.swift */; };
		47A284652404C84000428CAA /* Feed.storyboard in Resources */ = {isa = PBXBuildFile; fileRef = 47A284642404C84000428CAA /* Feed.storyboard */; };
		47A284692404C85B00428CAA /* NewSocial.storyboard in Resources */ = {isa = PBXBuildFile; fileRef = 47A284682404C85B00428CAA /* NewSocial.storyboard */; };
		47A2846F2404C97800428CAA /* FeedVC-TableView.swift in Sources */ = {isa = PBXBuildFile; fileRef = 47A2846E2404C97800428CAA /* FeedVC-TableView.swift */; };
		47B936432407C6600035FE16 /* Users.swift in Sources */ = {isa = PBXBuildFile; fileRef = 47B936422407C6600035FE16 /* Users.swift */; };
		47B936452407C6680035FE16 /* Event.swift in Sources */ = {isa = PBXBuildFile; fileRef = 47B936442407C6680035FE16 /* Event.swift */; };
		47B936492407C90D0035FE16 /* SignUpVC.swift in Sources */ = {isa = PBXBuildFile; fileRef = 47B936482407C90D0035FE16 /* SignUpVC.swift */; };
		D2B1826AC9E71556AFAB01E0 /* Pods_mdb_socialsTests.framework in Frameworks */ = {isa = PBXBuildFile; fileRef = EDD6B2B8F346E874A72689CF /* Pods_mdb_socialsTests.framework */; };
/* End PBXBuildFile section */

/* Begin PBXContainerItemProxy section */
		47A2843A2404C48000428CAA /* PBXContainerItemProxy */ = {
			isa = PBXContainerItemProxy;
			containerPortal = 47A2841B2404C47E00428CAA /* Project object */;
			proxyType = 1;
			remoteGlobalIDString = 47A284222404C47E00428CAA;
			remoteInfo = "mdb-socials";
		};
		47A284452404C48000428CAA /* PBXContainerItemProxy */ = {
			isa = PBXContainerItemProxy;
			containerPortal = 47A2841B2404C47E00428CAA /* Project object */;
			proxyType = 1;
			remoteGlobalIDString = 47A284222404C47E00428CAA;
			remoteInfo = "mdb-socials";
		};
/* End PBXContainerItemProxy section */

/* Begin PBXFileReference section */
		00E3005D1E82B56ADDD0A896 /* Pods-mdb-socials-mdb-socialsUITests.debug.xcconfig */ = {isa = PBXFileReference; includeInIndex = 1; lastKnownFileType = text.xcconfig; name = "Pods-mdb-socials-mdb-socialsUITests.debug.xcconfig"; path = "Target Support Files/Pods-mdb-socials-mdb-socialsUITests/Pods-mdb-socials-mdb-socialsUITests.debug.xcconfig"; sourceTree = "<group>"; };
		1EFA9E17804AE24BD134E3A5 /* Pods_mdb_socials.framework */ = {isa = PBXFileReference; explicitFileType = wrapper.framework; includeInIndex = 0; path = Pods_mdb_socials.framework; sourceTree = BUILT_PRODUCTS_DIR; };
		2D88CE1824099DB8009F045B /* Poppins-SemiBoldItalic.otf */ = {isa = PBXFileReference; lastKnownFileType = file; path = "Poppins-SemiBoldItalic.otf"; sourceTree = "<group>"; };
		2D88CE1924099DB8009F045B /* Poppins-ExtraBoldItalic.otf */ = {isa = PBXFileReference; lastKnownFileType = file; path = "Poppins-ExtraBoldItalic.otf"; sourceTree = "<group>"; };
		2D88CE1A24099DB8009F045B /* SIL Open Font License.txt */ = {isa = PBXFileReference; fileEncoding = 4; lastKnownFileType = text; path = "SIL Open Font License.txt"; sourceTree = "<group>"; };
		2D88CE1B24099DB8009F045B /* Poppins-ExtraLight.otf */ = {isa = PBXFileReference; lastKnownFileType = file; path = "Poppins-ExtraLight.otf"; sourceTree = "<group>"; };
		2D88CE1C24099DB9009F045B /* Poppins-ThinItalic.otf */ = {isa = PBXFileReference; lastKnownFileType = file; path = "Poppins-ThinItalic.otf"; sourceTree = "<group>"; };
		2D88CE1D24099DB9009F045B /* Poppins-ExtraLightItalic.otf */ = {isa = PBXFileReference; lastKnownFileType = file; path = "Poppins-ExtraLightItalic.otf"; sourceTree = "<group>"; };
		2D88CE1E24099DB9009F045B /* Poppins-Light.otf */ = {isa = PBXFileReference; lastKnownFileType = file; path = "Poppins-Light.otf"; sourceTree = "<group>"; };
		2D88CE1F24099DB9009F045B /* Poppins-BoldItalic.otf */ = {isa = PBXFileReference; lastKnownFileType = file; path = "Poppins-BoldItalic.otf"; sourceTree = "<group>"; };
		2D88CE2024099DB9009F045B /* Poppins-Medium.otf */ = {isa = PBXFileReference; lastKnownFileType = file; path = "Poppins-Medium.otf"; sourceTree = "<group>"; };
		2D88CE2124099DB9009F045B /* Poppins-SemiBold.otf */ = {isa = PBXFileReference; lastKnownFileType = file; path = "Poppins-SemiBold.otf"; sourceTree = "<group>"; };
		2D88CE2224099DB9009F045B /* Poppins-Italic.otf */ = {isa = PBXFileReference; lastKnownFileType = file; path = "Poppins-Italic.otf"; sourceTree = "<group>"; };
		2D88CE2324099DB9009F045B /* Poppins-Thin.otf */ = {isa = PBXFileReference; lastKnownFileType = file; path = "Poppins-Thin.otf"; sourceTree = "<group>"; };
		2D88CE2424099DB9009F045B /* Poppins-MediumItalic.otf */ = {isa = PBXFileReference; lastKnownFileType = file; path = "Poppins-MediumItalic.otf"; sourceTree = "<group>"; };
		2D88CE2524099DB9009F045B /* Poppins-LightItalic.otf */ = {isa = PBXFileReference; lastKnownFileType = file; path = "Poppins-LightItalic.otf"; sourceTree = "<group>"; };
		2D88CE2624099DB9009F045B /* Poppins-Bold.otf */ = {isa = PBXFileReference; lastKnownFileType = file; path = "Poppins-Bold.otf"; sourceTree = "<group>"; };
		2D88CE2724099DB9009F045B /* Poppins-Black.otf */ = {isa = PBXFileReference; lastKnownFileType = file; path = "Poppins-Black.otf"; sourceTree = "<group>"; };
		2D88CE2824099DB9009F045B /* Poppins-BlackItalic.otf */ = {isa = PBXFileReference; lastKnownFileType = file; path = "Poppins-BlackItalic.otf"; sourceTree = "<group>"; };
		2D88CE2924099DB9009F045B /* Poppins-Regular.otf */ = {isa = PBXFileReference; lastKnownFileType = file; path = "Poppins-Regular.otf"; sourceTree = "<group>"; };
		2D88CE2A24099DB9009F045B /* Poppins-ExtraBold.otf */ = {isa = PBXFileReference; lastKnownFileType = file; path = "Poppins-ExtraBold.otf"; sourceTree = "<group>"; };
		2D88CE40240A2B1F009F045B /* CameraIcon.png */ = {isa = PBXFileReference; lastKnownFileType = image.png; name = CameraIcon.png; path = "mdb-socials/Assets.xcassets/CameraIcon.png"; sourceTree = SOURCE_ROOT; };
		4714FC1C240526A200B90E70 /* GoogleService-Info.plist */ = {isa = PBXFileReference; fileEncoding = 4; lastKnownFileType = text.plist.xml; path = "GoogleService-Info.plist"; sourceTree = "<group>"; };
		4778AE4E2408DD4A00E97E9E /* UserManager.swift */ = {isa = PBXFileReference; lastKnownFileType = sourcecode.swift; path = UserManager.swift; sourceTree = "<group>"; };
		4778AE502408DD5600E97E9E /* EventManager.swift */ = {isa = PBXFileReference; lastKnownFileType = sourcecode.swift; path = EventManager.swift; sourceTree = "<group>"; };
		4778AE522408E02600E97E9E /* eventCell.swift */ = {isa = PBXFileReference; lastKnownFileType = sourcecode.swift; path = eventCell.swift; sourceTree = "<group>"; };
		47A284232404C47E00428CAA /* mdb-socials.app */ = {isa = PBXFileReference; explicitFileType = wrapper.application; includeInIndex = 0; path = "mdb-socials.app"; sourceTree = BUILT_PRODUCTS_DIR; };
		47A284262404C47E00428CAA /* AppDelegate.swift */ = {isa = PBXFileReference; lastKnownFileType = sourcecode.swift; path = AppDelegate.swift; sourceTree = "<group>"; };
		47A284282404C47E00428CAA /* SceneDelegate.swift */ = {isa = PBXFileReference; lastKnownFileType = sourcecode.swift; path = SceneDelegate.swift; sourceTree = "<group>"; };
		47A2842A2404C47E00428CAA /* AuthenticationVC.swift */ = {isa = PBXFileReference; lastKnownFileType = sourcecode.swift; path = AuthenticationVC.swift; sourceTree = "<group>"; };
		47A2842D2404C47E00428CAA /* Base */ = {isa = PBXFileReference; lastKnownFileType = file.storyboard; name = Base; path = Base.lproj/Main.storyboard; sourceTree = "<group>"; };
		47A2842F2404C48000428CAA /* Assets.xcassets */ = {isa = PBXFileReference; lastKnownFileType = folder.assetcatalog; path = Assets.xcassets; sourceTree = "<group>"; };
		47A284322404C48000428CAA /* Base */ = {isa = PBXFileReference; lastKnownFileType = file.storyboard; name = Base; path = Base.lproj/LaunchScreen.storyboard; sourceTree = "<group>"; };
		47A284342404C48000428CAA /* Info.plist */ = {isa = PBXFileReference; lastKnownFileType = text.plist.xml; path = Info.plist; sourceTree = "<group>"; };
		47A284392404C48000428CAA /* mdb-socialsTests.xctest */ = {isa = PBXFileReference; explicitFileType = wrapper.cfbundle; includeInIndex = 0; path = "mdb-socialsTests.xctest"; sourceTree = BUILT_PRODUCTS_DIR; };
		47A2843D2404C48000428CAA /* mdb_socialsTests.swift */ = {isa = PBXFileReference; lastKnownFileType = sourcecode.swift; path = mdb_socialsTests.swift; sourceTree = "<group>"; };
		47A2843F2404C48000428CAA /* Info.plist */ = {isa = PBXFileReference; lastKnownFileType = text.plist.xml; path = Info.plist; sourceTree = "<group>"; };
		47A284442404C48000428CAA /* mdb-socialsUITests.xctest */ = {isa = PBXFileReference; explicitFileType = wrapper.cfbundle; includeInIndex = 0; path = "mdb-socialsUITests.xctest"; sourceTree = BUILT_PRODUCTS_DIR; };
		47A284482404C48000428CAA /* mdb_socialsUITests.swift */ = {isa = PBXFileReference; lastKnownFileType = sourcecode.swift; path = mdb_socialsUITests.swift; sourceTree = "<group>"; };
		47A2844A2404C48000428CAA /* Info.plist */ = {isa = PBXFileReference; lastKnownFileType = text.plist.xml; path = Info.plist; sourceTree = "<group>"; };
		47A2845E2404C78F00428CAA /* FeedVC.swift */ = {isa = PBXFileReference; lastKnownFileType = sourcecode.swift; path = FeedVC.swift; sourceTree = "<group>"; };
		47A284602404C7B300428CAA /* SocialDetailVC.swift */ = {isa = PBXFileReference; lastKnownFileType = sourcecode.swift; path = SocialDetailVC.swift; sourceTree = "<group>"; };
		47A284622404C7C300428CAA /* NewSocialVC.swift */ = {isa = PBXFileReference; lastKnownFileType = sourcecode.swift; path = NewSocialVC.swift; sourceTree = "<group>"; };
		47A284642404C84000428CAA /* Feed.storyboard */ = {isa = PBXFileReference; lastKnownFileType = file.storyboard; path = Feed.storyboard; sourceTree = "<group>"; };
		47A284682404C85B00428CAA /* NewSocial.storyboard */ = {isa = PBXFileReference; lastKnownFileType = file.storyboard; path = NewSocial.storyboard; sourceTree = "<group>"; };
		47A2846E2404C97800428CAA /* FeedVC-TableView.swift */ = {isa = PBXFileReference; lastKnownFileType = sourcecode.swift; path = "FeedVC-TableView.swift"; sourceTree = "<group>"; };
		47B936422407C6600035FE16 /* Users.swift */ = {isa = PBXFileReference; lastKnownFileType = sourcecode.swift; path = Users.swift; sourceTree = "<group>"; };
		47B936442407C6680035FE16 /* Event.swift */ = {isa = PBXFileReference; lastKnownFileType = sourcecode.swift; path = Event.swift; sourceTree = "<group>"; };
		47B936482407C90D0035FE16 /* SignUpVC.swift */ = {isa = PBXFileReference; lastKnownFileType = sourcecode.swift; path = SignUpVC.swift; sourceTree = "<group>"; };
		6A371EC568F426F96431BB42 /* Pods_mdb_socials_mdb_socialsUITests.framework */ = {isa = PBXFileReference; explicitFileType = wrapper.framework; includeInIndex = 0; path = Pods_mdb_socials_mdb_socialsUITests.framework; sourceTree = BUILT_PRODUCTS_DIR; };
		859101326A53483062D1DD1C /* Pods-mdb-socials.release.xcconfig */ = {isa = PBXFileReference; includeInIndex = 1; lastKnownFileType = text.xcconfig; name = "Pods-mdb-socials.release.xcconfig"; path = "Target Support Files/Pods-mdb-socials/Pods-mdb-socials.release.xcconfig"; sourceTree = "<group>"; };
		9A9F8278EFB28C949E0A09D1 /* Pods-mdb-socialsTests.debug.xcconfig */ = {isa = PBXFileReference; includeInIndex = 1; lastKnownFileType = text.xcconfig; name = "Pods-mdb-socialsTests.debug.xcconfig"; path = "Target Support Files/Pods-mdb-socialsTests/Pods-mdb-socialsTests.debug.xcconfig"; sourceTree = "<group>"; };
		A76BC1E0FB6A5E2A29C75DB5 /* Pods-mdb-socials.debug.xcconfig */ = {isa = PBXFileReference; includeInIndex = 1; lastKnownFileType = text.xcconfig; name = "Pods-mdb-socials.debug.xcconfig"; path = "Target Support Files/Pods-mdb-socials/Pods-mdb-socials.debug.xcconfig"; sourceTree = "<group>"; };
		AF9108E243D337A632DF19BC /* Pods-mdb-socials-mdb-socialsUITests.release.xcconfig */ = {isa = PBXFileReference; includeInIndex = 1; lastKnownFileType = text.xcconfig; name = "Pods-mdb-socials-mdb-socialsUITests.release.xcconfig"; path = "Target Support Files/Pods-mdb-socials-mdb-socialsUITests/Pods-mdb-socials-mdb-socialsUITests.release.xcconfig"; sourceTree = "<group>"; };
		C1B5CC6A7C2C686AD77EA349 /* Pods-mdb-socialsTests.release.xcconfig */ = {isa = PBXFileReference; includeInIndex = 1; lastKnownFileType = text.xcconfig; name = "Pods-mdb-socialsTests.release.xcconfig"; path = "Target Support Files/Pods-mdb-socialsTests/Pods-mdb-socialsTests.release.xcconfig"; sourceTree = "<group>"; };
		EDD6B2B8F346E874A72689CF /* Pods_mdb_socialsTests.framework */ = {isa = PBXFileReference; explicitFileType = wrapper.framework; includeInIndex = 0; path = Pods_mdb_socialsTests.framework; sourceTree = BUILT_PRODUCTS_DIR; };
/* End PBXFileReference section */

/* Begin PBXFrameworksBuildPhase section */
		47A284202404C47E00428CAA /* Frameworks */ = {
			isa = PBXFrameworksBuildPhase;
			buildActionMask = 2147483647;
			files = (
				03C90287F2687E5EE1C0E5F9 /* Pods_mdb_socials.framework in Frameworks */,
			);
			runOnlyForDeploymentPostprocessing = 0;
		};
		47A284362404C48000428CAA /* Frameworks */ = {
			isa = PBXFrameworksBuildPhase;
			buildActionMask = 2147483647;
			files = (
				D2B1826AC9E71556AFAB01E0 /* Pods_mdb_socialsTests.framework in Frameworks */,
			);
			runOnlyForDeploymentPostprocessing = 0;
		};
		47A284412404C48000428CAA /* Frameworks */ = {
			isa = PBXFrameworksBuildPhase;
			buildActionMask = 2147483647;
			files = (
				1CA464A7492FE56E84B91B13 /* Pods_mdb_socials_mdb_socialsUITests.framework in Frameworks */,
			);
			runOnlyForDeploymentPostprocessing = 0;
		};
/* End PBXFrameworksBuildPhase section */

/* Begin PBXGroup section */
		2D88CE1724099DB8009F045B /* poppins */ = {
			isa = PBXGroup;
			children = (
				2D88CE1824099DB8009F045B /* Poppins-SemiBoldItalic.otf */,
				2D88CE1924099DB8009F045B /* Poppins-ExtraBoldItalic.otf */,
				2D88CE1A24099DB8009F045B /* SIL Open Font License.txt */,
				2D88CE1B24099DB8009F045B /* Poppins-ExtraLight.otf */,
				2D88CE1C24099DB9009F045B /* Poppins-ThinItalic.otf */,
				2D88CE1D24099DB9009F045B /* Poppins-ExtraLightItalic.otf */,
				2D88CE1E24099DB9009F045B /* Poppins-Light.otf */,
				2D88CE1F24099DB9009F045B /* Poppins-BoldItalic.otf */,
				2D88CE2024099DB9009F045B /* Poppins-Medium.otf */,
				2D88CE2124099DB9009F045B /* Poppins-SemiBold.otf */,
				2D88CE2224099DB9009F045B /* Poppins-Italic.otf */,
				2D88CE2324099DB9009F045B /* Poppins-Thin.otf */,
				2D88CE2424099DB9009F045B /* Poppins-MediumItalic.otf */,
				2D88CE2524099DB9009F045B /* Poppins-LightItalic.otf */,
				2D88CE2624099DB9009F045B /* Poppins-Bold.otf */,
				2D88CE2724099DB9009F045B /* Poppins-Black.otf */,
				2D88CE2824099DB9009F045B /* Poppins-BlackItalic.otf */,
				2D88CE2924099DB9009F045B /* Poppins-Regular.otf */,
				2D88CE2A24099DB9009F045B /* Poppins-ExtraBold.otf */,
			);
			name = poppins;
			path = "mdb-socials/Assets.xcassets/poppins";
			sourceTree = SOURCE_ROOT;
		};
		47A2841A2404C47E00428CAA = {
			isa = PBXGroup;
			children = (
				47A284252404C47E00428CAA /* mdb-socials */,
				47A2843C2404C48000428CAA /* mdb-socialsTests */,
				47A284472404C48000428CAA /* mdb-socialsUITests */,
				47A284242404C47E00428CAA /* Products */,
				B5D60A62660375DB4086F18D /* Pods */,
				E5CC21A07F526ED504E89577 /* Frameworks */,
			);
			sourceTree = "<group>";
		};
		47A284242404C47E00428CAA /* Products */ = {
			isa = PBXGroup;
			children = (
				47A284232404C47E00428CAA /* mdb-socials.app */,
				47A284392404C48000428CAA /* mdb-socialsTests.xctest */,
				47A284442404C48000428CAA /* mdb-socialsUITests.xctest */,
			);
			name = Products;
			sourceTree = "<group>";
		};
		47A284252404C47E00428CAA /* mdb-socials */ = {
			isa = PBXGroup;
			children = (
				47A2845B2404C70200428CAA /* Resources */,
				47A284582404C6DC00428CAA /* Model */,
				47A284592404C6E400428CAA /* View */,
				47A2845A2404C6E900428CAA /* ViewController */,
				47A2845C2404C72700428CAA /* Storyboards */,
				47A2842F2404C48000428CAA /* Assets.xcassets */,
				4714FC1C240526A200B90E70 /* GoogleService-Info.plist */,
				47A284342404C48000428CAA /* Info.plist */,
			);
			path = "mdb-socials";
			sourceTree = "<group>";
		};
		47A2843C2404C48000428CAA /* mdb-socialsTests */ = {
			isa = PBXGroup;
			children = (
				47A2843D2404C48000428CAA /* mdb_socialsTests.swift */,
				47A2843F2404C48000428CAA /* Info.plist */,
			);
			path = "mdb-socialsTests";
			sourceTree = "<group>";
		};
		47A284472404C48000428CAA /* mdb-socialsUITests */ = {
			isa = PBXGroup;
			children = (
				47A284482404C48000428CAA /* mdb_socialsUITests.swift */,
				47A2844A2404C48000428CAA /* Info.plist */,
			);
			path = "mdb-socialsUITests";
			sourceTree = "<group>";
		};
		47A284582404C6DC00428CAA /* Model */ = {
			isa = PBXGroup;
			children = (
				47B936422407C6600035FE16 /* Users.swift */,
				4778AE4E2408DD4A00E97E9E /* UserManager.swift */,
				47B936442407C6680035FE16 /* Event.swift */,
				4778AE502408DD5600E97E9E /* EventManager.swift */,
			);
			path = Model;
			sourceTree = "<group>";
		};
		47A284592404C6E400428CAA /* View */ = {
			isa = PBXGroup;
			children = (
				4778AE522408E02600E97E9E /* eventCell.swift */,
			);
			path = View;
			sourceTree = "<group>";
		};
		47A2845A2404C6E900428CAA /* ViewController */ = {
			isa = PBXGroup;
			children = (
				47A2846A2404C92600428CAA /* Authentication */,
				47A2846B2404C92E00428CAA /* Feed */,
				47A2846C2404C93200428CAA /* SocialDetail */,
				47A2846D2404C93900428CAA /* NewSocial */,
			);
			path = ViewController;
			sourceTree = "<group>";
		};
		47A2845B2404C70200428CAA /* Resources */ = {
			isa = PBXGroup;
			children = (
				47A284262404C47E00428CAA /* AppDelegate.swift */,
				2D88CE40240A2B1F009F045B /* CameraIcon.png */,
				47A284282404C47E00428CAA /* SceneDelegate.swift */,
				2D88CE1724099DB8009F045B /* poppins */,
			);
			path = Resources;
			sourceTree = "<group>";
		};
		47A2845C2404C72700428CAA /* Storyboards */ = {
			isa = PBXGroup;
			children = (
				47A284312404C48000428CAA /* LaunchScreen.storyboard */,
				47A2842C2404C47E00428CAA /* Main.storyboard */,
				47A284642404C84000428CAA /* Feed.storyboard */,
				47A284682404C85B00428CAA /* NewSocial.storyboard */,
			);
			path = Storyboards;
			sourceTree = "<group>";
		};
		47A2846A2404C92600428CAA /* Authentication */ = {
			isa = PBXGroup;
			children = (
				47A2842A2404C47E00428CAA /* AuthenticationVC.swift */,
				47B936482407C90D0035FE16 /* SignUpVC.swift */,
			);
			path = Authentication;
			sourceTree = "<group>";
		};
		47A2846B2404C92E00428CAA /* Feed */ = {
			isa = PBXGroup;
			children = (
				47A2845E2404C78F00428CAA /* FeedVC.swift */,
				47A2846E2404C97800428CAA /* FeedVC-TableView.swift */,
			);
			path = Feed;
			sourceTree = "<group>";
		};
		47A2846C2404C93200428CAA /* SocialDetail */ = {
			isa = PBXGroup;
			children = (
				47A284602404C7B300428CAA /* SocialDetailVC.swift */,
			);
			path = SocialDetail;
			sourceTree = "<group>";
		};
		47A2846D2404C93900428CAA /* NewSocial */ = {
			isa = PBXGroup;
			children = (
				47A284622404C7C300428CAA /* NewSocialVC.swift */,
			);
			path = NewSocial;
			sourceTree = "<group>";
		};
		B5D60A62660375DB4086F18D /* Pods */ = {
			isa = PBXGroup;
			children = (
				A76BC1E0FB6A5E2A29C75DB5 /* Pods-mdb-socials.debug.xcconfig */,
				859101326A53483062D1DD1C /* Pods-mdb-socials.release.xcconfig */,
				00E3005D1E82B56ADDD0A896 /* Pods-mdb-socials-mdb-socialsUITests.debug.xcconfig */,
				AF9108E243D337A632DF19BC /* Pods-mdb-socials-mdb-socialsUITests.release.xcconfig */,
				9A9F8278EFB28C949E0A09D1 /* Pods-mdb-socialsTests.debug.xcconfig */,
				C1B5CC6A7C2C686AD77EA349 /* Pods-mdb-socialsTests.release.xcconfig */,
			);
			path = Pods;
			sourceTree = "<group>";
		};
		E5CC21A07F526ED504E89577 /* Frameworks */ = {
			isa = PBXGroup;
			children = (
				1EFA9E17804AE24BD134E3A5 /* Pods_mdb_socials.framework */,
				6A371EC568F426F96431BB42 /* Pods_mdb_socials_mdb_socialsUITests.framework */,
				EDD6B2B8F346E874A72689CF /* Pods_mdb_socialsTests.framework */,
			);
			name = Frameworks;
			sourceTree = "<group>";
		};
/* End PBXGroup section */

/* Begin PBXNativeTarget section */
		47A284222404C47E00428CAA /* mdb-socials */ = {
			isa = PBXNativeTarget;
			buildConfigurationList = 47A2844D2404C48000428CAA /* Build configuration list for PBXNativeTarget "mdb-socials" */;
			buildPhases = (
				18411DEC4B8ECF544FEC1A8A /* [CP] Check Pods Manifest.lock */,
				47A2841F2404C47E00428CAA /* Sources */,
				47A284202404C47E00428CAA /* Frameworks */,
				47A284212404C47E00428CAA /* Resources */,
				FFFE9CDD1449921680E32610 /* [CP] Embed Pods Frameworks */,
			);
			buildRules = (
			);
			dependencies = (
			);
			name = "mdb-socials";
			productName = "mdb-socials";
			productReference = 47A284232404C47E00428CAA /* mdb-socials.app */;
			productType = "com.apple.product-type.application";
		};
		47A284382404C48000428CAA /* mdb-socialsTests */ = {
			isa = PBXNativeTarget;
			buildConfigurationList = 47A284502404C48000428CAA /* Build configuration list for PBXNativeTarget "mdb-socialsTests" */;
			buildPhases = (
				BF76C1EA5389C746CA5B173C /* [CP] Check Pods Manifest.lock */,
				47A284352404C48000428CAA /* Sources */,
				47A284362404C48000428CAA /* Frameworks */,
				47A284372404C48000428CAA /* Resources */,
			);
			buildRules = (
			);
			dependencies = (
				47A2843B2404C48000428CAA /* PBXTargetDependency */,
			);
			name = "mdb-socialsTests";
			productName = "mdb-socialsTests";
			productReference = 47A284392404C48000428CAA /* mdb-socialsTests.xctest */;
			productType = "com.apple.product-type.bundle.unit-test";
		};
		47A284432404C48000428CAA /* mdb-socialsUITests */ = {
			isa = PBXNativeTarget;
			buildConfigurationList = 47A284532404C48000428CAA /* Build configuration list for PBXNativeTarget "mdb-socialsUITests" */;
			buildPhases = (
				4C43A880103739E28AF38560 /* [CP] Check Pods Manifest.lock */,
				47A284402404C48000428CAA /* Sources */,
				47A284412404C48000428CAA /* Frameworks */,
				47A284422404C48000428CAA /* Resources */,
				2CF15F189861B3164749156B /* [CP] Embed Pods Frameworks */,
			);
			buildRules = (
			);
			dependencies = (
				47A284462404C48000428CAA /* PBXTargetDependency */,
			);
			name = "mdb-socialsUITests";
			productName = "mdb-socialsUITests";
			productReference = 47A284442404C48000428CAA /* mdb-socialsUITests.xctest */;
			productType = "com.apple.product-type.bundle.ui-testing";
		};
/* End PBXNativeTarget section */

/* Begin PBXProject section */
		47A2841B2404C47E00428CAA /* Project object */ = {
			isa = PBXProject;
			attributes = {
				LastSwiftUpdateCheck = 1120;
				LastUpgradeCheck = 1120;
				ORGANIZATIONNAME = "James Jung";
				TargetAttributes = {
					47A284222404C47E00428CAA = {
						CreatedOnToolsVersion = 11.2.1;
					};
					47A284382404C48000428CAA = {
						CreatedOnToolsVersion = 11.2.1;
						TestTargetID = 47A284222404C47E00428CAA;
					};
					47A284432404C48000428CAA = {
						CreatedOnToolsVersion = 11.2.1;
						TestTargetID = 47A284222404C47E00428CAA;
					};
				};
			};
			buildConfigurationList = 47A2841E2404C47E00428CAA /* Build configuration list for PBXProject "mdb-socials" */;
			compatibilityVersion = "Xcode 9.3";
			developmentRegion = en;
			hasScannedForEncodings = 0;
			knownRegions = (
				en,
				Base,
			);
			mainGroup = 47A2841A2404C47E00428CAA;
			productRefGroup = 47A284242404C47E00428CAA /* Products */;
			projectDirPath = "";
			projectRoot = "";
			targets = (
				47A284222404C47E00428CAA /* mdb-socials */,
				47A284382404C48000428CAA /* mdb-socialsTests */,
				47A284432404C48000428CAA /* mdb-socialsUITests */,
			);
		};
/* End PBXProject section */

/* Begin PBXResourcesBuildPhase section */
		47A284212404C47E00428CAA /* Resources */ = {
			isa = PBXResourcesBuildPhase;
			buildActionMask = 2147483647;
			files = (
				2D88CE3724099DB9009F045B /* Poppins-MediumItalic.otf in Resources */,
				47A284692404C85B00428CAA /* NewSocial.storyboard in Resources */,
				2D88CE3124099DB9009F045B /* Poppins-Light.otf in Resources */,
				2D88CE3A24099DB9009F045B /* Poppins-Black.otf in Resources */,
				2D88CE3424099DB9009F045B /* Poppins-SemiBold.otf in Resources */,
				2D88CE2D24099DB9009F045B /* SIL Open Font License.txt in Resources */,
				2D88CE3624099DB9009F045B /* Poppins-Thin.otf in Resources */,
				2D88CE2B24099DB9009F045B /* Poppins-SemiBoldItalic.otf in Resources */,
				2D88CE3C24099DB9009F045B /* Poppins-Regular.otf in Resources */,
				47A284332404C48000428CAA /* LaunchScreen.storyboard in Resources */,
				47A284302404C48000428CAA /* Assets.xcassets in Resources */,
				2D88CE3324099DB9009F045B /* Poppins-Medium.otf in Resources */,
				47A284652404C84000428CAA /* Feed.storyboard in Resources */,
				2D88CE3B24099DB9009F045B /* Poppins-BlackItalic.otf in Resources */,
				47A2842E2404C47E00428CAA /* Main.storyboard in Resources */,
				2D88CE3524099DB9009F045B /* Poppins-Italic.otf in Resources */,
				2D88CE3224099DB9009F045B /* Poppins-BoldItalic.otf in Resources */,
				2D88CE3D24099DB9009F045B /* Poppins-ExtraBold.otf in Resources */,
				2D88CE3824099DB9009F045B /* Poppins-LightItalic.otf in Resources */,
				2D88CE41240A2B1F009F045B /* CameraIcon.png in Resources */,
				2D88CE2F24099DB9009F045B /* Poppins-ThinItalic.otf in Resources */,
				4714FC1D240526A200B90E70 /* GoogleService-Info.plist in Resources */,
				2D88CE3924099DB9009F045B /* Poppins-Bold.otf in Resources */,
				2D88CE3024099DB9009F045B /* Poppins-ExtraLightItalic.otf in Resources */,
				2D88CE2C24099DB9009F045B /* Poppins-ExtraBoldItalic.otf in Resources */,
				2D88CE2E24099DB9009F045B /* Poppins-ExtraLight.otf in Resources */,
			);
			runOnlyForDeploymentPostprocessing = 0;
		};
		47A284372404C48000428CAA /* Resources */ = {
			isa = PBXResourcesBuildPhase;
			buildActionMask = 2147483647;
			files = (
			);
			runOnlyForDeploymentPostprocessing = 0;
		};
		47A284422404C48000428CAA /* Resources */ = {
			isa = PBXResourcesBuildPhase;
			buildActionMask = 2147483647;
			files = (
			);
			runOnlyForDeploymentPostprocessing = 0;
		};
/* End PBXResourcesBuildPhase section */

/* Begin PBXShellScriptBuildPhase section */
		18411DEC4B8ECF544FEC1A8A /* [CP] Check Pods Manifest.lock */ = {
			isa = PBXShellScriptBuildPhase;
			buildActionMask = 2147483647;
			files = (
			);
			inputFileListPaths = (
			);
			inputPaths = (
				"${PODS_PODFILE_DIR_PATH}/Podfile.lock",
				"${PODS_ROOT}/Manifest.lock",
			);
			name = "[CP] Check Pods Manifest.lock";
			outputFileListPaths = (
			);
			outputPaths = (
				"$(DERIVED_FILE_DIR)/Pods-mdb-socials-checkManifestLockResult.txt",
			);
			runOnlyForDeploymentPostprocessing = 0;
			shellPath = /bin/sh;
			shellScript = "diff \"${PODS_PODFILE_DIR_PATH}/Podfile.lock\" \"${PODS_ROOT}/Manifest.lock\" > /dev/null\nif [ $? != 0 ] ; then\n    # print error to STDERR\n    echo \"error: The sandbox is not in sync with the Podfile.lock. Run 'pod install' or update your CocoaPods installation.\" >&2\n    exit 1\nfi\n# This output is used by Xcode 'outputs' to avoid re-running this script phase.\necho \"SUCCESS\" > \"${SCRIPT_OUTPUT_FILE_0}\"\n";
			showEnvVarsInLog = 0;
		};
		2CF15F189861B3164749156B /* [CP] Embed Pods Frameworks */ = {
			isa = PBXShellScriptBuildPhase;
			buildActionMask = 2147483647;
			files = (
			);
			inputFileListPaths = (
				"${PODS_ROOT}/Target Support Files/Pods-mdb-socials-mdb-socialsUITests/Pods-mdb-socials-mdb-socialsUITests-frameworks-${CONFIGURATION}-input-files.xcfilelist",
			);
			name = "[CP] Embed Pods Frameworks";
			outputFileListPaths = (
				"${PODS_ROOT}/Target Support Files/Pods-mdb-socials-mdb-socialsUITests/Pods-mdb-socials-mdb-socialsUITests-frameworks-${CONFIGURATION}-output-files.xcfilelist",
			);
			runOnlyForDeploymentPostprocessing = 0;
			shellPath = /bin/sh;
			shellScript = "\"${PODS_ROOT}/Target Support Files/Pods-mdb-socials-mdb-socialsUITests/Pods-mdb-socials-mdb-socialsUITests-frameworks.sh\"\n";
			showEnvVarsInLog = 0;
		};
		4C43A880103739E28AF38560 /* [CP] Check Pods Manifest.lock */ = {
			isa = PBXShellScriptBuildPhase;
			buildActionMask = 2147483647;
			files = (
			);
			inputFileListPaths = (
			);
			inputPaths = (
				"${PODS_PODFILE_DIR_PATH}/Podfile.lock",
				"${PODS_ROOT}/Manifest.lock",
			);
			name = "[CP] Check Pods Manifest.lock";
			outputFileListPaths = (
			);
			outputPaths = (
				"$(DERIVED_FILE_DIR)/Pods-mdb-socials-mdb-socialsUITests-checkManifestLockResult.txt",
			);
			runOnlyForDeploymentPostprocessing = 0;
			shellPath = /bin/sh;
			shellScript = "diff \"${PODS_PODFILE_DIR_PATH}/Podfile.lock\" \"${PODS_ROOT}/Manifest.lock\" > /dev/null\nif [ $? != 0 ] ; then\n    # print error to STDERR\n    echo \"error: The sandbox is not in sync with the Podfile.lock. Run 'pod install' or update your CocoaPods installation.\" >&2\n    exit 1\nfi\n# This output is used by Xcode 'outputs' to avoid re-running this script phase.\necho \"SUCCESS\" > \"${SCRIPT_OUTPUT_FILE_0}\"\n";
			showEnvVarsInLog = 0;
		};
		BF76C1EA5389C746CA5B173C /* [CP] Check Pods Manifest.lock */ = {
			isa = PBXShellScriptBuildPhase;
			buildActionMask = 2147483647;
			files = (
			);
			inputFileListPaths = (
			);
			inputPaths = (
				"${PODS_PODFILE_DIR_PATH}/Podfile.lock",
				"${PODS_ROOT}/Manifest.lock",
			);
			name = "[CP] Check Pods Manifest.lock";
			outputFileListPaths = (
			);
			outputPaths = (
				"$(DERIVED_FILE_DIR)/Pods-mdb-socialsTests-checkManifestLockResult.txt",
			);
			runOnlyForDeploymentPostprocessing = 0;
			shellPath = /bin/sh;
			shellScript = "diff \"${PODS_PODFILE_DIR_PATH}/Podfile.lock\" \"${PODS_ROOT}/Manifest.lock\" > /dev/null\nif [ $? != 0 ] ; then\n    # print error to STDERR\n    echo \"error: The sandbox is not in sync with the Podfile.lock. Run 'pod install' or update your CocoaPods installation.\" >&2\n    exit 1\nfi\n# This output is used by Xcode 'outputs' to avoid re-running this script phase.\necho \"SUCCESS\" > \"${SCRIPT_OUTPUT_FILE_0}\"\n";
			showEnvVarsInLog = 0;
		};
		FFFE9CDD1449921680E32610 /* [CP] Embed Pods Frameworks */ = {
			isa = PBXShellScriptBuildPhase;
			buildActionMask = 2147483647;
			files = (
			);
			inputFileListPaths = (
				"${PODS_ROOT}/Target Support Files/Pods-mdb-socials/Pods-mdb-socials-frameworks-${CONFIGURATION}-input-files.xcfilelist",
			);
			name = "[CP] Embed Pods Frameworks";
			outputFileListPaths = (
				"${PODS_ROOT}/Target Support Files/Pods-mdb-socials/Pods-mdb-socials-frameworks-${CONFIGURATION}-output-files.xcfilelist",
			);
			runOnlyForDeploymentPostprocessing = 0;
			shellPath = /bin/sh;
			shellScript = "\"${PODS_ROOT}/Target Support Files/Pods-mdb-socials/Pods-mdb-socials-frameworks.sh\"\n";
			showEnvVarsInLog = 0;
		};
/* End PBXShellScriptBuildPhase section */

/* Begin PBXSourcesBuildPhase section */
		47A2841F2404C47E00428CAA /* Sources */ = {
			isa = PBXSourcesBuildPhase;
			buildActionMask = 2147483647;
			files = (
				4778AE532408E02600E97E9E /* eventCell.swift in Sources */,
				47A2845F2404C78F00428CAA /* FeedVC.swift in Sources */,
				47B936432407C6600035FE16 /* Users.swift in Sources */,
				47A284632404C7C300428CAA /* NewSocialVC.swift in Sources */,
				47B936492407C90D0035FE16 /* SignUpVC.swift in Sources */,
				47A2842B2404C47E00428CAA /* AuthenticationVC.swift in Sources */,
				47B936452407C6680035FE16 /* Event.swift in Sources */,
				4778AE4F2408DD4A00E97E9E /* UserManager.swift in Sources */,
				47A284272404C47E00428CAA /* AppDelegate.swift in Sources */,
				47A284292404C47E00428CAA /* SceneDelegate.swift in Sources */,
				47A284612404C7B300428CAA /* SocialDetailVC.swift in Sources */,
				47A2846F2404C97800428CAA /* FeedVC-TableView.swift in Sources */,
				4778AE512408DD5600E97E9E /* EventManager.swift in Sources */,
			);
			runOnlyForDeploymentPostprocessing = 0;
		};
		47A284352404C48000428CAA /* Sources */ = {
			isa = PBXSourcesBuildPhase;
			buildActionMask = 2147483647;
			files = (
				478AA12D2406629800FE2EE8 /* mdb_socialsTests.swift in Sources */,
			);
			runOnlyForDeploymentPostprocessing = 0;
		};
		47A284402404C48000428CAA /* Sources */ = {
			isa = PBXSourcesBuildPhase;
			buildActionMask = 2147483647;
			files = (
				47A284492404C48000428CAA /* mdb_socialsUITests.swift in Sources */,
			);
			runOnlyForDeploymentPostprocessing = 0;
		};
/* End PBXSourcesBuildPhase section */

/* Begin PBXTargetDependency section */
		47A2843B2404C48000428CAA /* PBXTargetDependency */ = {
			isa = PBXTargetDependency;
			target = 47A284222404C47E00428CAA /* mdb-socials */;
			targetProxy = 47A2843A2404C48000428CAA /* PBXContainerItemProxy */;
		};
		47A284462404C48000428CAA /* PBXTargetDependency */ = {
			isa = PBXTargetDependency;
			target = 47A284222404C47E00428CAA /* mdb-socials */;
			targetProxy = 47A284452404C48000428CAA /* PBXContainerItemProxy */;
		};
/* End PBXTargetDependency section */

/* Begin PBXVariantGroup section */
		47A2842C2404C47E00428CAA /* Main.storyboard */ = {
			isa = PBXVariantGroup;
			children = (
				47A2842D2404C47E00428CAA /* Base */,
			);
			name = Main.storyboard;
			sourceTree = "<group>";
		};
		47A284312404C48000428CAA /* LaunchScreen.storyboard */ = {
			isa = PBXVariantGroup;
			children = (
				47A284322404C48000428CAA /* Base */,
			);
			name = LaunchScreen.storyboard;
			sourceTree = "<group>";
		};
/* End PBXVariantGroup section */

/* Begin XCBuildConfiguration section */
		47A2844B2404C48000428CAA /* Debug */ = {
			isa = XCBuildConfiguration;
			buildSettings = {
				ALWAYS_SEARCH_USER_PATHS = NO;
				CLANG_ANALYZER_NONNULL = YES;
				CLANG_ANALYZER_NUMBER_OBJECT_CONVERSION = YES_AGGRESSIVE;
				CLANG_CXX_LANGUAGE_STANDARD = "gnu++14";
				CLANG_CXX_LIBRARY = "libc++";
				CLANG_ENABLE_MODULES = YES;
				CLANG_ENABLE_OBJC_ARC = YES;
				CLANG_ENABLE_OBJC_WEAK = YES;
				CLANG_WARN_BLOCK_CAPTURE_AUTORELEASING = YES;
				CLANG_WARN_BOOL_CONVERSION = YES;
				CLANG_WARN_COMMA = YES;
				CLANG_WARN_CONSTANT_CONVERSION = YES;
				CLANG_WARN_DEPRECATED_OBJC_IMPLEMENTATIONS = YES;
				CLANG_WARN_DIRECT_OBJC_ISA_USAGE = YES_ERROR;
				CLANG_WARN_DOCUMENTATION_COMMENTS = YES;
				CLANG_WARN_EMPTY_BODY = YES;
				CLANG_WARN_ENUM_CONVERSION = YES;
				CLANG_WARN_INFINITE_RECURSION = YES;
				CLANG_WARN_INT_CONVERSION = YES;
				CLANG_WARN_NON_LITERAL_NULL_CONVERSION = YES;
				CLANG_WARN_OBJC_IMPLICIT_RETAIN_SELF = YES;
				CLANG_WARN_OBJC_LITERAL_CONVERSION = YES;
				CLANG_WARN_OBJC_ROOT_CLASS = YES_ERROR;
				CLANG_WARN_RANGE_LOOP_ANALYSIS = YES;
				CLANG_WARN_STRICT_PROTOTYPES = YES;
				CLANG_WARN_SUSPICIOUS_MOVE = YES;
				CLANG_WARN_UNGUARDED_AVAILABILITY = YES_AGGRESSIVE;
				CLANG_WARN_UNREACHABLE_CODE = YES;
				CLANG_WARN__DUPLICATE_METHOD_MATCH = YES;
				COPY_PHASE_STRIP = NO;
				DEBUG_INFORMATION_FORMAT = dwarf;
				ENABLE_STRICT_OBJC_MSGSEND = YES;
				ENABLE_TESTABILITY = YES;
				GCC_C_LANGUAGE_STANDARD = gnu11;
				GCC_DYNAMIC_NO_PIC = NO;
				GCC_NO_COMMON_BLOCKS = YES;
				GCC_OPTIMIZATION_LEVEL = 0;
				GCC_PREPROCESSOR_DEFINITIONS = (
					"DEBUG=1",
					"$(inherited)",
				);
				GCC_WARN_64_TO_32_BIT_CONVERSION = YES;
				GCC_WARN_ABOUT_RETURN_TYPE = YES_ERROR;
				GCC_WARN_UNDECLARED_SELECTOR = YES;
				GCC_WARN_UNINITIALIZED_AUTOS = YES_AGGRESSIVE;
				GCC_WARN_UNUSED_FUNCTION = YES;
				GCC_WARN_UNUSED_VARIABLE = YES;
				IPHONEOS_DEPLOYMENT_TARGET = 13.2;
				MTL_ENABLE_DEBUG_INFO = INCLUDE_SOURCE;
				MTL_FAST_MATH = YES;
				ONLY_ACTIVE_ARCH = YES;
				SDKROOT = iphoneos;
				SWIFT_ACTIVE_COMPILATION_CONDITIONS = DEBUG;
				SWIFT_OPTIMIZATION_LEVEL = "-Onone";
			};
			name = Debug;
		};
		47A2844C2404C48000428CAA /* Release */ = {
			isa = XCBuildConfiguration;
			buildSettings = {
				ALWAYS_SEARCH_USER_PATHS = NO;
				CLANG_ANALYZER_NONNULL = YES;
				CLANG_ANALYZER_NUMBER_OBJECT_CONVERSION = YES_AGGRESSIVE;
				CLANG_CXX_LANGUAGE_STANDARD = "gnu++14";
				CLANG_CXX_LIBRARY = "libc++";
				CLANG_ENABLE_MODULES = YES;
				CLANG_ENABLE_OBJC_ARC = YES;
				CLANG_ENABLE_OBJC_WEAK = YES;
				CLANG_WARN_BLOCK_CAPTURE_AUTORELEASING = YES;
				CLANG_WARN_BOOL_CONVERSION = YES;
				CLANG_WARN_COMMA = YES;
				CLANG_WARN_CONSTANT_CONVERSION = YES;
				CLANG_WARN_DEPRECATED_OBJC_IMPLEMENTATIONS = YES;
				CLANG_WARN_DIRECT_OBJC_ISA_USAGE = YES_ERROR;
				CLANG_WARN_DOCUMENTATION_COMMENTS = YES;
				CLANG_WARN_EMPTY_BODY = YES;
				CLANG_WARN_ENUM_CONVERSION = YES;
				CLANG_WARN_INFINITE_RECURSION = YES;
				CLANG_WARN_INT_CONVERSION = YES;
				CLANG_WARN_NON_LITERAL_NULL_CONVERSION = YES;
				CLANG_WARN_OBJC_IMPLICIT_RETAIN_SELF = YES;
				CLANG_WARN_OBJC_LITERAL_CONVERSION = YES;
				CLANG_WARN_OBJC_ROOT_CLASS = YES_ERROR;
				CLANG_WARN_RANGE_LOOP_ANALYSIS = YES;
				CLANG_WARN_STRICT_PROTOTYPES = YES;
				CLANG_WARN_SUSPICIOUS_MOVE = YES;
				CLANG_WARN_UNGUARDED_AVAILABILITY = YES_AGGRESSIVE;
				CLANG_WARN_UNREACHABLE_CODE = YES;
				CLANG_WARN__DUPLICATE_METHOD_MATCH = YES;
				COPY_PHASE_STRIP = NO;
				DEBUG_INFORMATION_FORMAT = "dwarf-with-dsym";
				ENABLE_NS_ASSERTIONS = NO;
				ENABLE_STRICT_OBJC_MSGSEND = YES;
				GCC_C_LANGUAGE_STANDARD = gnu11;
				GCC_NO_COMMON_BLOCKS = YES;
				GCC_WARN_64_TO_32_BIT_CONVERSION = YES;
				GCC_WARN_ABOUT_RETURN_TYPE = YES_ERROR;
				GCC_WARN_UNDECLARED_SELECTOR = YES;
				GCC_WARN_UNINITIALIZED_AUTOS = YES_AGGRESSIVE;
				GCC_WARN_UNUSED_FUNCTION = YES;
				GCC_WARN_UNUSED_VARIABLE = YES;
				IPHONEOS_DEPLOYMENT_TARGET = 13.2;
				MTL_ENABLE_DEBUG_INFO = NO;
				MTL_FAST_MATH = YES;
				SDKROOT = iphoneos;
				SWIFT_COMPILATION_MODE = wholemodule;
				SWIFT_OPTIMIZATION_LEVEL = "-O";
				VALIDATE_PRODUCT = YES;
			};
			name = Release;
		};
		47A2844E2404C48000428CAA /* Debug */ = {
			isa = XCBuildConfiguration;
			baseConfigurationReference = A76BC1E0FB6A5E2A29C75DB5 /* Pods-mdb-socials.debug.xcconfig */;
			buildSettings = {
				ASSETCATALOG_COMPILER_APPICON_NAME = AppIcon;
				CODE_SIGN_STYLE = Automatic;
				DEVELOPMENT_TEAM = 64DMVRQR3T;
				INFOPLIST_FILE = "mdb-socials/Info.plist";
				LD_RUNPATH_SEARCH_PATHS = (
					"$(inherited)",
					"@executable_path/Frameworks",
				);
				PRODUCT_BUNDLE_IDENTIFIER = "James.mdb-socials";
				PRODUCT_NAME = "$(TARGET_NAME)";
				SWIFT_VERSION = 5.0;
				TARGETED_DEVICE_FAMILY = "1,2";
			};
			name = Debug;
		};
		47A2844F2404C48000428CAA /* Release */ = {
			isa = XCBuildConfiguration;
			baseConfigurationReference = 859101326A53483062D1DD1C /* Pods-mdb-socials.release.xcconfig */;
			buildSettings = {
				ASSETCATALOG_COMPILER_APPICON_NAME = AppIcon;
				CODE_SIGN_STYLE = Automatic;
				DEVELOPMENT_TEAM = 64DMVRQR3T;
				INFOPLIST_FILE = "mdb-socials/Info.plist";
				LD_RUNPATH_SEARCH_PATHS = (
					"$(inherited)",
					"@executable_path/Frameworks",
				);
				PRODUCT_BUNDLE_IDENTIFIER = "James.mdb-socials";
				PRODUCT_NAME = "$(TARGET_NAME)";
				SWIFT_VERSION = 5.0;
				TARGETED_DEVICE_FAMILY = "1,2";
			};
			name = Release;
		};
		47A284512404C48000428CAA /* Debug */ = {
			isa = XCBuildConfiguration;
			baseConfigurationReference = 9A9F8278EFB28C949E0A09D1 /* Pods-mdb-socialsTests.debug.xcconfig */;
			buildSettings = {
				ALWAYS_EMBED_SWIFT_STANDARD_LIBRARIES = YES;
				BUNDLE_LOADER = "$(TEST_HOST)";
				CODE_SIGN_STYLE = Automatic;
				INFOPLIST_FILE = "mdb-socialsTests/Info.plist";
				IPHONEOS_DEPLOYMENT_TARGET = 13.2;
				LD_RUNPATH_SEARCH_PATHS = (
					"$(inherited)",
					"@executable_path/Frameworks",
					"@loader_path/Frameworks",
				);
				PRODUCT_BUNDLE_IDENTIFIER = "James.mdb-socialsTests";
				PRODUCT_NAME = "$(TARGET_NAME)";
				SWIFT_VERSION = 5.0;
				TARGETED_DEVICE_FAMILY = "1,2";
				TEST_HOST = "$(BUILT_PRODUCTS_DIR)/mdb-socials.app/mdb-socials";
			};
			name = Debug;
		};
		47A284522404C48000428CAA /* Release */ = {
			isa = XCBuildConfiguration;
			baseConfigurationReference = C1B5CC6A7C2C686AD77EA349 /* Pods-mdb-socialsTests.release.xcconfig */;
			buildSettings = {
				ALWAYS_EMBED_SWIFT_STANDARD_LIBRARIES = YES;
				BUNDLE_LOADER = "$(TEST_HOST)";
				CODE_SIGN_STYLE = Automatic;
				INFOPLIST_FILE = "mdb-socialsTests/Info.plist";
				IPHONEOS_DEPLOYMENT_TARGET = 13.2;
				LD_RUNPATH_SEARCH_PATHS = (
					"$(inherited)",
					"@executable_path/Frameworks",
					"@loader_path/Frameworks",
				);
				PRODUCT_BUNDLE_IDENTIFIER = "James.mdb-socialsTests";
				PRODUCT_NAME = "$(TARGET_NAME)";
				SWIFT_VERSION = 5.0;
				TARGETED_DEVICE_FAMILY = "1,2";
				TEST_HOST = "$(BUILT_PRODUCTS_DIR)/mdb-socials.app/mdb-socials";
			};
			name = Release;
		};
		47A284542404C48000428CAA /* Debug */ = {
			isa = XCBuildConfiguration;
			baseConfigurationReference = 00E3005D1E82B56ADDD0A896 /* Pods-mdb-socials-mdb-socialsUITests.debug.xcconfig */;
			buildSettings = {
				ALWAYS_EMBED_SWIFT_STANDARD_LIBRARIES = YES;
				CODE_SIGN_STYLE = Automatic;
				INFOPLIST_FILE = "mdb-socialsUITests/Info.plist";
				LD_RUNPATH_SEARCH_PATHS = (
					"$(inherited)",
					"@executable_path/Frameworks",
					"@loader_path/Frameworks",
				);
				PRODUCT_BUNDLE_IDENTIFIER = "James.mdb-socialsUITests";
				PRODUCT_NAME = "$(TARGET_NAME)";
				SWIFT_VERSION = 5.0;
				TARGETED_DEVICE_FAMILY = "1,2";
				TEST_TARGET_NAME = "mdb-socials";
			};
			name = Debug;
		};
		47A284552404C48000428CAA /* Release */ = {
			isa = XCBuildConfiguration;
			baseConfigurationReference = AF9108E243D337A632DF19BC /* Pods-mdb-socials-mdb-socialsUITests.release.xcconfig */;
			buildSettings = {
				ALWAYS_EMBED_SWIFT_STANDARD_LIBRARIES = YES;
				CODE_SIGN_STYLE = Automatic;
				INFOPLIST_FILE = "mdb-socialsUITests/Info.plist";
				LD_RUNPATH_SEARCH_PATHS = (
					"$(inherited)",
					"@executable_path/Frameworks",
					"@loader_path/Frameworks",
				);
				PRODUCT_BUNDLE_IDENTIFIER = "James.mdb-socialsUITests";
				PRODUCT_NAME = "$(TARGET_NAME)";
				SWIFT_VERSION = 5.0;
				TARGETED_DEVICE_FAMILY = "1,2";
				TEST_TARGET_NAME = "mdb-socials";
			};
			name = Release;
		};
/* End XCBuildConfiguration section */

/* Begin XCConfigurationList section */
		47A2841E2404C47E00428CAA /* Build configuration list for PBXProject "mdb-socials" */ = {
			isa = XCConfigurationList;
			buildConfigurations = (
				47A2844B2404C48000428CAA /* Debug */,
				47A2844C2404C48000428CAA /* Release */,
			);
			defaultConfigurationIsVisible = 0;
			defaultConfigurationName = Release;
		};
		47A2844D2404C48000428CAA /* Build configuration list for PBXNativeTarget "mdb-socials" */ = {
			isa = XCConfigurationList;
			buildConfigurations = (
				47A2844E2404C48000428CAA /* Debug */,
				47A2844F2404C48000428CAA /* Release */,
			);
			defaultConfigurationIsVisible = 0;
			defaultConfigurationName = Release;
		};
		47A284502404C48000428CAA /* Build configuration list for PBXNativeTarget "mdb-socialsTests" */ = {
			isa = XCConfigurationList;
			buildConfigurations = (
				47A284512404C48000428CAA /* Debug */,
				47A284522404C48000428CAA /* Release */,
			);
			defaultConfigurationIsVisible = 0;
			defaultConfigurationName = Release;
		};
		47A284532404C48000428CAA /* Build configuration list for PBXNativeTarget "mdb-socialsUITests" */ = {
			isa = XCConfigurationList;
			buildConfigurations = (
				47A284542404C48000428CAA /* Debug */,
				47A284552404C48000428CAA /* Release */,
			);
			defaultConfigurationIsVisible = 0;
			defaultConfigurationName = Release;
		};
/* End XCConfigurationList section */
	};
	rootObject = 47A2841B2404C47E00428CAA /* Project object */;
}
