// !$*UTF8*$!
{
	archiveVersion = 1;
	classes = {
	};
	objectVersion = 50;
	objects = {

/* Begin PBXBuildFile section */
		47A284272404C47E00428CAA /* AppDelegate.swift in Sources */ = {isa = PBXBuildFile; fileRef = 47A284262404C47E00428CAA /* AppDelegate.swift */; };
		47A284292404C47E00428CAA /* SceneDelegate.swift in Sources */ = {isa = PBXBuildFile; fileRef = 47A284282404C47E00428CAA /* SceneDelegate.swift */; };
		47A2842B2404C47E00428CAA /* AuthenticationVC.swift in Sources */ = {isa = PBXBuildFile; fileRef = 47A2842A2404C47E00428CAA /* AuthenticationVC.swift */; };
		47A2842E2404C47E00428CAA /* Authentication.storyboard in Resources */ = {isa = PBXBuildFile; fileRef = 47A2842C2404C47E00428CAA /* Authentication.storyboard */; };
		47A284302404C48000428CAA /* Assets.xcassets in Resources */ = {isa = PBXBuildFile; fileRef = 47A2842F2404C48000428CAA /* Assets.xcassets */; };
		47A284332404C48000428CAA /* LaunchScreen.storyboard in Resources */ = {isa = PBXBuildFile; fileRef = 47A284312404C48000428CAA /* LaunchScreen.storyboard */; };
		47A284492404C48000428CAA /* mdb_socialsUITests.swift in Sources */ = {isa = PBXBuildFile; fileRef = 47A284482404C48000428CAA /* mdb_socialsUITests.swift */; };
		47A284572404C6D100428CAA /* AuthenticationVC.swift in Sources */ = {isa = PBXBuildFile; fileRef = 47A284562404C6D100428CAA /* AuthenticationVC.swift */; };
		47A2845D2404C75600428CAA /* mdb_socialsTests.swift in Sources */ = {isa = PBXBuildFile; fileRef = 47A2843D2404C48000428CAA /* mdb_socialsTests.swift */; };
		47A2845F2404C78F00428CAA /* FeedVC.swift in Sources */ = {isa = PBXBuildFile; fileRef = 47A2845E2404C78F00428CAA /* FeedVC.swift */; };
		47A284612404C7B300428CAA /* SocialDetailVC.swift in Sources */ = {isa = PBXBuildFile; fileRef = 47A284602404C7B300428CAA /* SocialDetailVC.swift */; };
		47A284632404C7C300428CAA /* NewSocialVC.swift in Sources */ = {isa = PBXBuildFile; fileRef = 47A284622404C7C300428CAA /* NewSocialVC.swift */; };
		47A284652404C84000428CAA /* Feed.storyboard in Resources */ = {isa = PBXBuildFile; fileRef = 47A284642404C84000428CAA /* Feed.storyboard */; };
		47A284672404C84F00428CAA /* SocialDetail.storyboard in Resources */ = {isa = PBXBuildFile; fileRef = 47A284662404C84F00428CAA /* SocialDetail.storyboard */; };
		47A284692404C85B00428CAA /* NewSocial.storyboard in Resources */ = {isa = PBXBuildFile; fileRef = 47A284682404C85B00428CAA /* NewSocial.storyboard */; };
		47A2846F2404C97800428CAA /* FeedVC-TableView.swift in Sources */ = {isa = PBXBuildFile; fileRef = 47A2846E2404C97800428CAA /* FeedVC-TableView.swift */; };
		47A284712404C98800428CAA /* FeedVC-Firebase.swift in Sources */ = {isa = PBXBuildFile; fileRef = 47A284702404C98800428CAA /* FeedVC-Firebase.swift */; };
/* End PBXBuildFile section */

/* Begin PBXContainerItemProxy section */
		47A2843A2404C48000428CAA /* PBXContainerItemProxy */ = {
			isa = PBXContainerItemProxy;
			containerPortal = 47A2841B2404C47E00428CAA /* Project object */;
			proxyType = 1;
			remoteGlobalIDString = 47A284222404C47E00428CAA;
			remoteInfo = "mdb-socials";
		};
		47A284452404C48000428CAA /* PBXContainerItemProxy */ = {
			isa = PBXContainerItemProxy;
			containerPortal = 47A2841B2404C47E00428CAA /* Project object */;
			proxyType = 1;
			remoteGlobalIDString = 47A284222404C47E00428CAA;
			remoteInfo = "mdb-socials";
		};
/* End PBXContainerItemProxy section */

/* Begin PBXFileReference section */
		47A284232404C47E00428CAA /* mdb-socials.app */ = {isa = PBXFileReference; explicitFileType = wrapper.application; includeInIndex = 0; path = "mdb-socials.app"; sourceTree = BUILT_PRODUCTS_DIR; };
		47A284262404C47E00428CAA /* AppDelegate.swift */ = {isa = PBXFileReference; lastKnownFileType = sourcecode.swift; path = AppDelegate.swift; sourceTree = "<group>"; };
		47A284282404C47E00428CAA /* SceneDelegate.swift */ = {isa = PBXFileReference; lastKnownFileType = sourcecode.swift; path = SceneDelegate.swift; sourceTree = "<group>"; };
		47A2842A2404C47E00428CAA /* AuthenticationVC.swift */ = {isa = PBXFileReference; lastKnownFileType = sourcecode.swift; path = AuthenticationVC.swift; sourceTree = "<group>"; };
		47A2842D2404C47E00428CAA /* Base */ = {isa = PBXFileReference; lastKnownFileType = file.storyboard; name = Base; path = Base.lproj/Authentication.storyboard; sourceTree = "<group>"; };
		47A2842F2404C48000428CAA /* Assets.xcassets */ = {isa = PBXFileReference; lastKnownFileType = folder.assetcatalog; path = Assets.xcassets; sourceTree = "<group>"; };
		47A284322404C48000428CAA /* Base */ = {isa = PBXFileReference; lastKnownFileType = file.storyboard; name = Base; path = Base.lproj/LaunchScreen.storyboard; sourceTree = "<group>"; };
		47A284342404C48000428CAA /* Info.plist */ = {isa = PBXFileReference; lastKnownFileType = text.plist.xml; path = Info.plist; sourceTree = "<group>"; };
		47A284392404C48000428CAA /* mdb-socialsTests.xctest */ = {isa = PBXFileReference; explicitFileType = wrapper.cfbundle; includeInIndex = 0; path = "mdb-socialsTests.xctest"; sourceTree = BUILT_PRODUCTS_DIR; };
		47A2843D2404C48000428CAA /* mdb_socialsTests.swift */ = {isa = PBXFileReference; lastKnownFileType = sourcecode.swift; path = mdb_socialsTests.swift; sourceTree = "<group>"; };
		47A2843F2404C48000428CAA /* Info.plist */ = {isa = PBXFileReference; lastKnownFileType = text.plist.xml; path = Info.plist; sourceTree = "<group>"; };
		47A284442404C48000428CAA /* mdb-socialsUITests.xctest */ = {isa = PBXFileReference; explicitFileType = wrapper.cfbundle; includeInIndex = 0; path = "mdb-socialsUITests.xctest"; sourceTree = BUILT_PRODUCTS_DIR; };
		47A284482404C48000428CAA /* mdb_socialsUITests.swift */ = {isa = PBXFileReference; lastKnownFileType = sourcecode.swift; path = mdb_socialsUITests.swift; sourceTree = "<group>"; };
		47A2844A2404C48000428CAA /* Info.plist */ = {isa = PBXFileReference; lastKnownFileType = text.plist.xml; path = Info.plist; sourceTree = "<group>"; };
		47A284562404C6D100428CAA /* AuthenticationVC.swift */ = {isa = PBXFileReference; lastKnownFileType = sourcecode.swift; path = AuthenticationVC.swift; sourceTree = "<group>"; };
		47A2845E2404C78F00428CAA /* FeedVC.swift */ = {isa = PBXFileReference; lastKnownFileType = sourcecode.swift; path = FeedVC.swift; sourceTree = "<group>"; };
		47A284602404C7B300428CAA /* SocialDetailVC.swift */ = {isa = PBXFileReference; lastKnownFileType = sourcecode.swift; path = SocialDetailVC.swift; sourceTree = "<group>"; };
		47A284622404C7C300428CAA /* NewSocialVC.swift */ = {isa = PBXFileReference; lastKnownFileType = sourcecode.swift; path = NewSocialVC.swift; sourceTree = "<group>"; };
		47A284642404C84000428CAA /* Feed.storyboard */ = {isa = PBXFileReference; lastKnownFileType = file.storyboard; path = Feed.storyboard; sourceTree = "<group>"; };
		47A284662404C84F00428CAA /* SocialDetail.storyboard */ = {isa = PBXFileReference; lastKnownFileType = file.storyboard; path = SocialDetail.storyboard; sourceTree = "<group>"; };
		47A284682404C85B00428CAA /* NewSocial.storyboard */ = {isa = PBXFileReference; lastKnownFileType = file.storyboard; path = NewSocial.storyboard; sourceTree = "<group>"; };
		47A2846E2404C97800428CAA /* FeedVC-TableView.swift */ = {isa = PBXFileReference; lastKnownFileType = sourcecode.swift; path = "FeedVC-TableView.swift"; sourceTree = "<group>"; };
		47A284702404C98800428CAA /* FeedVC-Firebase.swift */ = {isa = PBXFileReference; lastKnownFileType = sourcecode.swift; path = "FeedVC-Firebase.swift"; sourceTree = "<group>"; };
/* End PBXFileReference section */

/* Begin PBXFrameworksBuildPhase section */
		47A284202404C47E00428CAA /* Frameworks */ = {
			isa = PBXFrameworksBuildPhase;
			buildActionMask = 2147483647;
			files = (
			);
			runOnlyForDeploymentPostprocessing = 0;
		};
		47A284362404C48000428CAA /* Frameworks */ = {
			isa = PBXFrameworksBuildPhase;
			buildActionMask = 2147483647;
			files = (
			);
			runOnlyForDeploymentPostprocessing = 0;
		};
		47A284412404C48000428CAA /* Frameworks */ = {
			isa = PBXFrameworksBuildPhase;
			buildActionMask = 2147483647;
			files = (
			);
			runOnlyForDeploymentPostprocessing = 0;
		};
/* End PBXFrameworksBuildPhase section */

/* Begin PBXGroup section */
		47A2841A2404C47E00428CAA = {
			isa = PBXGroup;
			children = (
				47A284252404C47E00428CAA /* mdb-socials */,
				47A2843C2404C48000428CAA /* mdb-socialsTests */,
				47A284472404C48000428CAA /* mdb-socialsUITests */,
				47A284242404C47E00428CAA /* Products */,
			);
			sourceTree = "<group>";
		};
		47A284242404C47E00428CAA /* Products */ = {
			isa = PBXGroup;
			children = (
				47A284232404C47E00428CAA /* mdb-socials.app */,
				47A284392404C48000428CAA /* mdb-socialsTests.xctest */,
				47A284442404C48000428CAA /* mdb-socialsUITests.xctest */,
			);
			name = Products;
			sourceTree = "<group>";
		};
		47A284252404C47E00428CAA /* mdb-socials */ = {
			isa = PBXGroup;
			children = (
				47A2845B2404C70200428CAA /* Resources */,
				47A284592404C6E400428CAA /* View */,
				47A2845A2404C6E900428CAA /* ViewController */,
				47A284582404C6DC00428CAA /* Model */,
				47A2845C2404C72700428CAA /* Storyboards */,
				47A2842F2404C48000428CAA /* Assets.xcassets */,
				47A2843D2404C48000428CAA /* mdb_socialsTests.swift */,
				47A284342404C48000428CAA /* Info.plist */,
			);
			path = "mdb-socials";
			sourceTree = "<group>";
		};
		47A2843C2404C48000428CAA /* mdb-socialsTests */ = {
			isa = PBXGroup;
			children = (
				47A2843F2404C48000428CAA /* Info.plist */,
			);
			path = "mdb-socialsTests";
			sourceTree = "<group>";
		};
		47A284472404C48000428CAA /* mdb-socialsUITests */ = {
			isa = PBXGroup;
			children = (
				47A284482404C48000428CAA /* mdb_socialsUITests.swift */,
				47A2844A2404C48000428CAA /* Info.plist */,
			);
			path = "mdb-socialsUITests";
			sourceTree = "<group>";
		};
		47A284582404C6DC00428CAA /* Model */ = {
			isa = PBXGroup;
			children = (
			);
			path = Model;
			sourceTree = "<group>";
		};
		47A284592404C6E400428CAA /* View */ = {
			isa = PBXGroup;
			children = (
			);
			path = View;
			sourceTree = "<group>";
		};
		47A2845A2404C6E900428CAA /* ViewController */ = {
			isa = PBXGroup;
			children = (
				47A2846A2404C92600428CAA /* Authentication */,
				47A2846B2404C92E00428CAA /* Feed */,
				47A2846C2404C93200428CAA /* SocialDetail */,
				47A2846D2404C93900428CAA /* NewSocial */,
			);
			path = ViewController;
			sourceTree = "<group>";
		};
		47A2845B2404C70200428CAA /* Resources */ = {
			isa = PBXGroup;
			children = (
				47A284262404C47E00428CAA /* AppDelegate.swift */,
				47A284562404C6D100428CAA /* AuthenticationVC.swift */,
				47A284282404C47E00428CAA /* SceneDelegate.swift */,
			);
			path = Resources;
			sourceTree = "<group>";
		};
		47A2845C2404C72700428CAA /* Storyboards */ = {
			isa = PBXGroup;
			children = (
				47A284312404C48000428CAA /* LaunchScreen.storyboard */,
				47A2842C2404C47E00428CAA /* Authentication.storyboard */,
				47A284642404C84000428CAA /* Feed.storyboard */,
				47A284662404C84F00428CAA /* SocialDetail.storyboard */,
				47A284682404C85B00428CAA /* NewSocial.storyboard */,
			);
			path = Storyboards;
			sourceTree = "<group>";
		};
		47A2846A2404C92600428CAA /* Authentication */ = {
			isa = PBXGroup;
			children = (
				47A2842A2404C47E00428CAA /* AuthenticationVC.swift */,
			);
			path = Authentication;
			sourceTree = "<group>";
		};
		47A2846B2404C92E00428CAA /* Feed */ = {
			isa = PBXGroup;
			children = (
				47A2845E2404C78F00428CAA /* FeedVC.swift */,
				47A2846E2404C97800428CAA /* FeedVC-TableView.swift */,
				47A284702404C98800428CAA /* FeedVC-Firebase.swift */,
			);
			path = Feed;
			sourceTree = "<group>";
		};
		47A2846C2404C93200428CAA /* SocialDetail */ = {
			isa = PBXGroup;
			children = (
				47A284602404C7B300428CAA /* SocialDetailVC.swift */,
			);
			path = SocialDetail;
			sourceTree = "<group>";
		};
		47A2846D2404C93900428CAA /* NewSocial */ = {
			isa = PBXGroup;
			children = (
				47A284622404C7C300428CAA /* NewSocialVC.swift */,
			);
			path = NewSocial;
			sourceTree = "<group>";
		};
/* End PBXGroup section */

/* Begin PBXNativeTarget section */
		47A284222404C47E00428CAA /* mdb-socials */ = {
			isa = PBXNativeTarget;
			buildConfigurationList = 47A2844D2404C48000428CAA /* Build configuration list for PBXNativeTarget "mdb-socials" */;
			buildPhases = (
				47A2841F2404C47E00428CAA /* Sources */,
				47A284202404C47E00428CAA /* Frameworks */,
				47A284212404C47E00428CAA /* Resources */,
			);
			buildRules = (
			);
			dependencies = (
			);
			name = "mdb-socials";
			productName = "mdb-socials";
			productReference = 47A284232404C47E00428CAA /* mdb-socials.app */;
			productType = "com.apple.product-type.application";
		};
		47A284382404C48000428CAA /* mdb-socialsTests */ = {
			isa = PBXNativeTarget;
			buildConfigurationList = 47A284502404C48000428CAA /* Build configuration list for PBXNativeTarget "mdb-socialsTests" */;
			buildPhases = (
				47A284352404C48000428CAA /* Sources */,
				47A284362404C48000428CAA /* Frameworks */,
				47A284372404C48000428CAA /* Resources */,
			);
			buildRules = (
			);
			dependencies = (
				47A2843B2404C48000428CAA /* PBXTargetDependency */,
			);
			name = "mdb-socialsTests";
			productName = "mdb-socialsTests";
			productReference = 47A284392404C48000428CAA /* mdb-socialsTests.xctest */;
			productType = "com.apple.product-type.bundle.unit-test";
		};
		47A284432404C48000428CAA /* mdb-socialsUITests */ = {
			isa = PBXNativeTarget;
			buildConfigurationList = 47A284532404C48000428CAA /* Build configuration list for PBXNativeTarget "mdb-socialsUITests" */;
			buildPhases = (
				47A284402404C48000428CAA /* Sources */,
				47A284412404C48000428CAA /* Frameworks */,
				47A284422404C48000428CAA /* Resources */,
			);
			buildRules = (
			);
			dependencies = (
				47A284462404C48000428CAA /* PBXTargetDependency */,
			);
			name = "mdb-socialsUITests";
			productName = "mdb-socialsUITests";
			productReference = 47A284442404C48000428CAA /* mdb-socialsUITests.xctest */;
			productType = "com.apple.product-type.bundle.ui-testing";
		};
/* End PBXNativeTarget section */

/* Begin PBXProject section */
		47A2841B2404C47E00428CAA /* Project object */ = {
			isa = PBXProject;
			attributes = {
				LastSwiftUpdateCheck = 1120;
				LastUpgradeCheck = 1120;
				ORGANIZATIONNAME = "James Jung";
				TargetAttributes = {
					47A284222404C47E00428CAA = {
						CreatedOnToolsVersion = 11.2.1;
					};
					47A284382404C48000428CAA = {
						CreatedOnToolsVersion = 11.2.1;
						TestTargetID = 47A284222404C47E00428CAA;
					};
					47A284432404C48000428CAA = {
						CreatedOnToolsVersion = 11.2.1;
						TestTargetID = 47A284222404C47E00428CAA;
					};
				};
			};
			buildConfigurationList = 47A2841E2404C47E00428CAA /* Build configuration list for PBXProject "mdb-socials" */;
			compatibilityVersion = "Xcode 9.3";
			developmentRegion = en;
			hasScannedForEncodings = 0;
			knownRegions = (
				en,
				Base,
			);
			mainGroup = 47A2841A2404C47E00428CAA;
			productRefGroup = 47A284242404C47E00428CAA /* Products */;
			projectDirPath = "";
			projectRoot = "";
			targets = (
				47A284222404C47E00428CAA /* mdb-socials */,
				47A284382404C48000428CAA /* mdb-socialsTests */,
				47A284432404C48000428CAA /* mdb-socialsUITests */,
			);
		};
/* End PBXProject section */

/* Begin PBXResourcesBuildPhase section */
		47A284212404C47E00428CAA /* Resources */ = {
			isa = PBXResourcesBuildPhase;
			buildActionMask = 2147483647;
			files = (
				47A284692404C85B00428CAA /* NewSocial.storyboard in Resources */,
				47A284332404C48000428CAA /* LaunchScreen.storyboard in Resources */,
				47A284302404C48000428CAA /* Assets.xcassets in Resources */,
				47A284652404C84000428CAA /* Feed.storyboard in Resources */,
				47A284672404C84F00428CAA /* SocialDetail.storyboard in Resources */,
				47A2842E2404C47E00428CAA /* Authentication.storyboard in Resources */,
			);
			runOnlyForDeploymentPostprocessing = 0;
		};
		47A284372404C48000428CAA /* Resources */ = {
			isa = PBXResourcesBuildPhase;
			buildActionMask = 2147483647;
			files = (
			);
			runOnlyForDeploymentPostprocessing = 0;
		};
		47A284422404C48000428CAA /* Resources */ = {
			isa = PBXResourcesBuildPhase;
			buildActionMask = 2147483647;
			files = (
			);
			runOnlyForDeploymentPostprocessing = 0;
		};
/* End PBXResourcesBuildPhase section */

/* Begin PBXSourcesBuildPhase section */
		47A2841F2404C47E00428CAA /* Sources */ = {
			isa = PBXSourcesBuildPhase;
			buildActionMask = 2147483647;
			files = (
				47A2845F2404C78F00428CAA /* FeedVC.swift in Sources */,
				47A2845D2404C75600428CAA /* mdb_socialsTests.swift in Sources */,
				47A284632404C7C300428CAA /* NewSocialVC.swift in Sources */,
				47A2842B2404C47E00428CAA /* AuthenticationVC.swift in Sources */,
				47A284272404C47E00428CAA /* AppDelegate.swift in Sources */,
				47A284572404C6D100428CAA /* AuthenticationVC.swift in Sources */,
				47A284292404C47E00428CAA /* SceneDelegate.swift in Sources */,
				47A284612404C7B300428CAA /* SocialDetailVC.swift in Sources */,
				47A2846F2404C97800428CAA /* FeedVC-TableView.swift in Sources */,
				47A284712404C98800428CAA /* FeedVC-Firebase.swift in Sources */,
			);
			runOnlyForDeploymentPostprocessing = 0;
		};
		47A284352404C48000428CAA /* Sources */ = {
			isa = PBXSourcesBuildPhase;
			buildActionMask = 2147483647;
			files = (
			);
			runOnlyForDeploymentPostprocessing = 0;
		};
		47A284402404C48000428CAA /* Sources */ = {
			isa = PBXSourcesBuildPhase;
			buildActionMask = 2147483647;
			files = (
				47A284492404C48000428CAA /* mdb_socialsUITests.swift in Sources */,
			);
			runOnlyForDeploymentPostprocessing = 0;
		};
/* End PBXSourcesBuildPhase section */

/* Begin PBXTargetDependency section */
		47A2843B2404C48000428CAA /* PBXTargetDependency */ = {
			isa = PBXTargetDependency;
			target = 47A284222404C47E00428CAA /* mdb-socials */;
			targetProxy = 47A2843A2404C48000428CAA /* PBXContainerItemProxy */;
		};
		47A284462404C48000428CAA /* PBXTargetDependency */ = {
			isa = PBXTargetDependency;
			target = 47A284222404C47E00428CAA /* mdb-socials */;
			targetProxy = 47A284452404C48000428CAA /* PBXContainerItemProxy */;
		};
/* End PBXTargetDependency section */

/* Begin PBXVariantGroup section */
		47A2842C2404C47E00428CAA /* Authentication.storyboard */ = {
			isa = PBXVariantGroup;
			children = (
				47A2842D2404C47E00428CAA /* Base */,
			);
			name = Authentication.storyboard;
			sourceTree = "<group>";
		};
		47A284312404C48000428CAA /* LaunchScreen.storyboard */ = {
			isa = PBXVariantGroup;
			children = (
				47A284322404C48000428CAA /* Base */,
			);
			name = LaunchScreen.storyboard;
			sourceTree = "<group>";
		};
/* End PBXVariantGroup section */

/* Begin XCBuildConfiguration section */
		47A2844B2404C48000428CAA /* Debug */ = {
			isa = XCBuildConfiguration;
			buildSettings = {
				ALWAYS_SEARCH_USER_PATHS = NO;
				CLANG_ANALYZER_NONNULL = YES;
				CLANG_ANALYZER_NUMBER_OBJECT_CONVERSION = YES_AGGRESSIVE;
				CLANG_CXX_LANGUAGE_STANDARD = "gnu++14";
				CLANG_CXX_LIBRARY = "libc++";
				CLANG_ENABLE_MODULES = YES;
				CLANG_ENABLE_OBJC_ARC = YES;
				CLANG_ENABLE_OBJC_WEAK = YES;
				CLANG_WARN_BLOCK_CAPTURE_AUTORELEASING = YES;
				CLANG_WARN_BOOL_CONVERSION = YES;
				CLANG_WARN_COMMA = YES;
				CLANG_WARN_CONSTANT_CONVERSION = YES;
				CLANG_WARN_DEPRECATED_OBJC_IMPLEMENTATIONS = YES;
				CLANG_WARN_DIRECT_OBJC_ISA_USAGE = YES_ERROR;
				CLANG_WARN_DOCUMENTATION_COMMENTS = YES;
				CLANG_WARN_EMPTY_BODY = YES;
				CLANG_WARN_ENUM_CONVERSION = YES;
				CLANG_WARN_INFINITE_RECURSION = YES;
				CLANG_WARN_INT_CONVERSION = YES;
				CLANG_WARN_NON_LITERAL_NULL_CONVERSION = YES;
				CLANG_WARN_OBJC_IMPLICIT_RETAIN_SELF = YES;
				CLANG_WARN_OBJC_LITERAL_CONVERSION = YES;
				CLANG_WARN_OBJC_ROOT_CLASS = YES_ERROR;
				CLANG_WARN_RANGE_LOOP_ANALYSIS = YES;
				CLANG_WARN_STRICT_PROTOTYPES = YES;
				CLANG_WARN_SUSPICIOUS_MOVE = YES;
				CLANG_WARN_UNGUARDED_AVAILABILITY = YES_AGGRESSIVE;
				CLANG_WARN_UNREACHABLE_CODE = YES;
				CLANG_WARN__DUPLICATE_METHOD_MATCH = YES;
				COPY_PHASE_STRIP = NO;
				DEBUG_INFORMATION_FORMAT = dwarf;
				ENABLE_STRICT_OBJC_MSGSEND = YES;
				ENABLE_TESTABILITY = YES;
				GCC_C_LANGUAGE_STANDARD = gnu11;
				GCC_DYNAMIC_NO_PIC = NO;
				GCC_NO_COMMON_BLOCKS = YES;
				GCC_OPTIMIZATION_LEVEL = 0;
				GCC_PREPROCESSOR_DEFINITIONS = (
					"DEBUG=1",
					"$(inherited)",
				);
				GCC_WARN_64_TO_32_BIT_CONVERSION = YES;
				GCC_WARN_ABOUT_RETURN_TYPE = YES_ERROR;
				GCC_WARN_UNDECLARED_SELECTOR = YES;
				GCC_WARN_UNINITIALIZED_AUTOS = YES_AGGRESSIVE;
				GCC_WARN_UNUSED_FUNCTION = YES;
				GCC_WARN_UNUSED_VARIABLE = YES;
				IPHONEOS_DEPLOYMENT_TARGET = 13.2;
				MTL_ENABLE_DEBUG_INFO = INCLUDE_SOURCE;
				MTL_FAST_MATH = YES;
				ONLY_ACTIVE_ARCH = YES;
				SDKROOT = iphoneos;
				SWIFT_ACTIVE_COMPILATION_CONDITIONS = DEBUG;
				SWIFT_OPTIMIZATION_LEVEL = "-Onone";
			};
			name = Debug;
		};
		47A2844C2404C48000428CAA /* Release */ = {
			isa = XCBuildConfiguration;
			buildSettings = {
				ALWAYS_SEARCH_USER_PATHS = NO;
				CLANG_ANALYZER_NONNULL = YES;
				CLANG_ANALYZER_NUMBER_OBJECT_CONVERSION = YES_AGGRESSIVE;
				CLANG_CXX_LANGUAGE_STANDARD = "gnu++14";
				CLANG_CXX_LIBRARY = "libc++";
				CLANG_ENABLE_MODULES = YES;
				CLANG_ENABLE_OBJC_ARC = YES;
				CLANG_ENABLE_OBJC_WEAK = YES;
				CLANG_WARN_BLOCK_CAPTURE_AUTORELEASING = YES;
				CLANG_WARN_BOOL_CONVERSION = YES;
				CLANG_WARN_COMMA = YES;
				CLANG_WARN_CONSTANT_CONVERSION = YES;
				CLANG_WARN_DEPRECATED_OBJC_IMPLEMENTATIONS = YES;
				CLANG_WARN_DIRECT_OBJC_ISA_USAGE = YES_ERROR;
				CLANG_WARN_DOCUMENTATION_COMMENTS = YES;
				CLANG_WARN_EMPTY_BODY = YES;
				CLANG_WARN_ENUM_CONVERSION = YES;
				CLANG_WARN_INFINITE_RECURSION = YES;
				CLANG_WARN_INT_CONVERSION = YES;
				CLANG_WARN_NON_LITERAL_NULL_CONVERSION = YES;
				CLANG_WARN_OBJC_IMPLICIT_RETAIN_SELF = YES;
				CLANG_WARN_OBJC_LITERAL_CONVERSION = YES;
				CLANG_WARN_OBJC_ROOT_CLASS = YES_ERROR;
				CLANG_WARN_RANGE_LOOP_ANALYSIS = YES;
				CLANG_WARN_STRICT_PROTOTYPES = YES;
				CLANG_WARN_SUSPICIOUS_MOVE = YES;
				CLANG_WARN_UNGUARDED_AVAILABILITY = YES_AGGRESSIVE;
				CLANG_WARN_UNREACHABLE_CODE = YES;
				CLANG_WARN__DUPLICATE_METHOD_MATCH = YES;
				COPY_PHASE_STRIP = NO;
				DEBUG_INFORMATION_FORMAT = "dwarf-with-dsym";
				ENABLE_NS_ASSERTIONS = NO;
				ENABLE_STRICT_OBJC_MSGSEND = YES;
				GCC_C_LANGUAGE_STANDARD = gnu11;
				GCC_NO_COMMON_BLOCKS = YES;
				GCC_WARN_64_TO_32_BIT_CONVERSION = YES;
				GCC_WARN_ABOUT_RETURN_TYPE = YES_ERROR;
				GCC_WARN_UNDECLARED_SELECTOR = YES;
				GCC_WARN_UNINITIALIZED_AUTOS = YES_AGGRESSIVE;
				GCC_WARN_UNUSED_FUNCTION = YES;
				GCC_WARN_UNUSED_VARIABLE = YES;
				IPHONEOS_DEPLOYMENT_TARGET = 13.2;
				MTL_ENABLE_DEBUG_INFO = NO;
				MTL_FAST_MATH = YES;
				SDKROOT = iphoneos;
				SWIFT_COMPILATION_MODE = wholemodule;
				SWIFT_OPTIMIZATION_LEVEL = "-O";
				VALIDATE_PRODUCT = YES;
			};
			name = Release;
		};
		47A2844E2404C48000428CAA /* Debug */ = {
			isa = XCBuildConfiguration;
			buildSettings = {
				ASSETCATALOG_COMPILER_APPICON_NAME = AppIcon;
				CODE_SIGN_STYLE = Automatic;
				INFOPLIST_FILE = "mdb-socials/Info.plist";
				LD_RUNPATH_SEARCH_PATHS = (
					"$(inherited)",
					"@executable_path/Frameworks",
				);
				PRODUCT_BUNDLE_IDENTIFIER = "James.mdb-socials";
				PRODUCT_NAME = "$(TARGET_NAME)";
				SWIFT_VERSION = 5.0;
				TARGETED_DEVICE_FAMILY = "1,2";
			};
			name = Debug;
		};
		47A2844F2404C48000428CAA /* Release */ = {
			isa = XCBuildConfiguration;
			buildSettings = {
				ASSETCATALOG_COMPILER_APPICON_NAME = AppIcon;
				CODE_SIGN_STYLE = Automatic;
				INFOPLIST_FILE = "mdb-socials/Info.plist";
				LD_RUNPATH_SEARCH_PATHS = (
					"$(inherited)",
					"@executable_path/Frameworks",
				);
				PRODUCT_BUNDLE_IDENTIFIER = "James.mdb-socials";
				PRODUCT_NAME = "$(TARGET_NAME)";
				SWIFT_VERSION = 5.0;
				TARGETED_DEVICE_FAMILY = "1,2";
			};
			name = Release;
		};
		47A284512404C48000428CAA /* Debug */ = {
			isa = XCBuildConfiguration;
			buildSettings = {
				ALWAYS_EMBED_SWIFT_STANDARD_LIBRARIES = YES;
				BUNDLE_LOADER = "$(TEST_HOST)";
				CODE_SIGN_STYLE = Automatic;
				INFOPLIST_FILE = "mdb-socialsTests/Info.plist";
				IPHONEOS_DEPLOYMENT_TARGET = 13.2;
				LD_RUNPATH_SEARCH_PATHS = (
					"$(inherited)",
					"@executable_path/Frameworks",
					"@loader_path/Frameworks",
				);
				PRODUCT_BUNDLE_IDENTIFIER = "James.mdb-socialsTests";
				PRODUCT_NAME = "$(TARGET_NAME)";
				SWIFT_VERSION = 5.0;
				TARGETED_DEVICE_FAMILY = "1,2";
				TEST_HOST = "$(BUILT_PRODUCTS_DIR)/mdb-socials.app/mdb-socials";
			};
			name = Debug;
		};
		47A284522404C48000428CAA /* Release */ = {
			isa = XCBuildConfiguration;
			buildSettings = {
				ALWAYS_EMBED_SWIFT_STANDARD_LIBRARIES = YES;
				BUNDLE_LOADER = "$(TEST_HOST)";
				CODE_SIGN_STYLE = Automatic;
				INFOPLIST_FILE = "mdb-socialsTests/Info.plist";
				IPHONEOS_DEPLOYMENT_TARGET = 13.2;
				LD_RUNPATH_SEARCH_PATHS = (
					"$(inherited)",
					"@executable_path/Frameworks",
					"@loader_path/Frameworks",
				);
				PRODUCT_BUNDLE_IDENTIFIER = "James.mdb-socialsTests";
				PRODUCT_NAME = "$(TARGET_NAME)";
				SWIFT_VERSION = 5.0;
				TARGETED_DEVICE_FAMILY = "1,2";
				TEST_HOST = "$(BUILT_PRODUCTS_DIR)/mdb-socials.app/mdb-socials";
			};
			name = Release;
		};
		47A284542404C48000428CAA /* Debug */ = {
			isa = XCBuildConfiguration;
			buildSettings = {
				ALWAYS_EMBED_SWIFT_STANDARD_LIBRARIES = YES;
				CODE_SIGN_STYLE = Automatic;
				INFOPLIST_FILE = "mdb-socialsUITests/Info.plist";
				LD_RUNPATH_SEARCH_PATHS = (
					"$(inherited)",
					"@executable_path/Frameworks",
					"@loader_path/Frameworks",
				);
				PRODUCT_BUNDLE_IDENTIFIER = "James.mdb-socialsUITests";
				PRODUCT_NAME = "$(TARGET_NAME)";
				SWIFT_VERSION = 5.0;
				TARGETED_DEVICE_FAMILY = "1,2";
				TEST_TARGET_NAME = "mdb-socials";
			};
			name = Debug;
		};
		47A284552404C48000428CAA /* Release */ = {
			isa = XCBuildConfiguration;
			buildSettings = {
				ALWAYS_EMBED_SWIFT_STANDARD_LIBRARIES = YES;
				CODE_SIGN_STYLE = Automatic;
				INFOPLIST_FILE = "mdb-socialsUITests/Info.plist";
				LD_RUNPATH_SEARCH_PATHS = (
					"$(inherited)",
					"@executable_path/Frameworks",
					"@loader_path/Frameworks",
				);
				PRODUCT_BUNDLE_IDENTIFIER = "James.mdb-socialsUITests";
				PRODUCT_NAME = "$(TARGET_NAME)";
				SWIFT_VERSION = 5.0;
				TARGETED_DEVICE_FAMILY = "1,2";
				TEST_TARGET_NAME = "mdb-socials";
			};
			name = Release;
		};
/* End XCBuildConfiguration section */

/* Begin XCConfigurationList section */
		47A2841E2404C47E00428CAA /* Build configuration list for PBXProject "mdb-socials" */ = {
			isa = XCConfigurationList;
			buildConfigurations = (
				47A2844B2404C48000428CAA /* Debug */,
				47A2844C2404C48000428CAA /* Release */,
			);
			defaultConfigurationIsVisible = 0;
			defaultConfigurationName = Release;
		};
		47A2844D2404C48000428CAA /* Build configuration list for PBXNativeTarget "mdb-socials" */ = {
			isa = XCConfigurationList;
			buildConfigurations = (
				47A2844E2404C48000428CAA /* Debug */,
				47A2844F2404C48000428CAA /* Release */,
			);
			defaultConfigurationIsVisible = 0;
			defaultConfigurationName = Release;
		};
		47A284502404C48000428CAA /* Build configuration list for PBXNativeTarget "mdb-socialsTests" */ = {
			isa = XCConfigurationList;
			buildConfigurations = (
				47A284512404C48000428CAA /* Debug */,
				47A284522404C48000428CAA /* Release */,
			);
			defaultConfigurationIsVisible = 0;
			defaultConfigurationName = Release;
		};
		47A284532404C48000428CAA /* Build configuration list for PBXNativeTarget "mdb-socialsUITests" */ = {
			isa = XCConfigurationList;
			buildConfigurations = (
				47A284542404C48000428CAA /* Debug */,
				47A284552404C48000428CAA /* Release */,
			);
			defaultConfigurationIsVisible = 0;
			defaultConfigurationName = Release;
		};
/* End XCConfigurationList section */
	};
	rootObject = 47A2841B2404C47E00428CAA /* Project object */;
}
